{
  "version": 4,
  "terraform_version": "1.14.4",
  "serial": 70,
  "lineage": "9cad8f15-0348-8a3e-c851-38542cb688b2",
  "outputs": {
    "resource_group_id": {
      "value": "/subscriptions/be1eddca-7ed7-43c0-bc4a-692e60be17bf/resourceGroups/lighthouse",
      "type": "string"
    },
    "resource_group_location": {
      "value": "eastus",
      "type": "string"
    },
    "resource_group_name": {
      "value": "lighthouse",
      "type": "string"
    }
  },
  "resources": [
    {
      "mode": "managed",
      "type": "azurerm_linux_virtual_machine",
      "name": "vm",
      "provider": "provider[\"registry.terraform.io/hashicorp/azurerm\"]",
      "instances": [
        {
          "schema_version": 0,
          "attributes": {
            "additional_capabilities": [],
            "admin_password": "YourPassword123!",
            "admin_ssh_key": [],
            "admin_username": "azureuser",
            "allow_extension_operations": true,
            "availability_set_id": "",
            "boot_diagnostics": [],
            "bypass_platform_safety_checks_on_user_schedule_enabled": false,
            "capacity_reservation_group_id": "",
            "computer_name": "lighthouse-vm",
            "custom_data": "IyEvYmluL2Jhc2gNCnNldCAtZQ0KDQplY2hvICJTdGFydGluZyBWTSBib290c3RyYXAuLi4iDQoNCmV4cG9ydCBERUJJQU5fRlJPTlRFTkQ9bm9uaW50ZXJhY3RpdmUNCg0KTElHSFRIT1VTRV9SRVBPX1VSTD0ke0xJR0hUSE9VU0VfUkVQT19VUkw6LSJodHRwczovL2dpdGh1Yi5jb20vc3BvdGlmeS9saWdodGhvdXNlLWF1ZGl0LXNlcnZpY2UuZ2l0In0NCiNCQUNLU1RBR0VfUkVQT19VUkw9JHtCQUNLU1RBR0VfUkVQT19VUkw6LSIifQ0KI0JBQ0tTVEFHRV9ESVI9JHtCQUNLU1RBR0VfRElSOi0iYmFja3N0YWdlLWFwcCJ9DQoNCiMgVXBkYXRlIHN5c3RlbQ0KYXB0LWdldCB1cGRhdGUgLXkNCmFwdC1nZXQgdXBncmFkZSAteQ0KDQojIEluc3RhbGwgZGVwZW5kZW5jaWVzDQphcHQtZ2V0IGluc3RhbGwgLXkgZG9ja2VyLmlvIGRvY2tlci1jb21wb3NlIGdpdCAjY3VybCBjYS1jZXJ0aWZpY2F0ZXMNCg0KIyBUb29saW5nIG5lZWRlZCBmb3Igc29tZSBOb2RlIG5hdGl2ZSBkZXBlbmRlbmNpZXMgKGUuZy4gaXNvbGF0ZWQtdm0pDQojYXB0LWdldCBpbnN0YWxsIC15IGJ1aWxkLWVzc2VudGlhbCBweXRob24zIHB5dGhvbjMtc2V0dXB0b29scyBweXRob24taXMtcHl0aG9uMyBtYWtlIGcrKyBwa2ctY29uZmlnIGxpYmF0b21pYzENCg0KIyBJbnN0YWxsIE5vZGUuanMgTFRTIChpbmNsdWRlcyBucG0gKyBjb3JlcGFjay95YXJuKQ0KIyBOb3RlOiBCYWNrc3RhZ2UncyBjdXJyZW50IGRlcGVuZGVuY3kgdHJlZSBwdWxscyBpbiBpc29sYXRlZC12bUA2Lnggd2hpY2ggcmVxdWlyZXMgbmV3ZXIgVjggQVBJcy4NCiNjdXJsIC1mc1NMIGh0dHBzOi8vZGViLm5vZGVzb3VyY2UuY29tL3NldHVwXzIyLnggfCBiYXNoIC0NCiNhcHQtZ2V0IGluc3RhbGwgLXkgbm9kZWpzDQoNCiNjb3JlcGFjayBlbmFibGUNCiNjb3JlcGFjayBwcmVwYXJlIHlhcm5Ac3RhYmxlIC0tYWN0aXZhdGUNCg0KIyBFbmFibGUgRG9ja2VyDQpzeXN0ZW1jdGwgZW5hYmxlIGRvY2tlcg0Kc3lzdGVtY3RsIHN0YXJ0IGRvY2tlcg0KDQojIEFkZCBhenVyZXVzZXIgdG8gZG9ja2VyIGdyb3VwDQp1c2VybW9kIC1hRyBkb2NrZXIgYXp1cmV1c2VyDQoNCiMgTW92ZSB0byBob21lIGRpcmVjdG9yeQ0KY2QgL2hvbWUvYXp1cmV1c2VyDQoNCiMgQ2xvbmUgTGlnaHRob3VzZSBBdWRpdCBTZXJ2aWNlIGlmIG5vdCBhbHJlYWR5IGNsb25lZA0KaWYgWyAhIC1kICJsaWdodGhvdXNlLWF1ZGl0LXNlcnZpY2UiIF07IHRoZW4NCiAgZ2l0IGNsb25lICIkTElHSFRIT1VTRV9SRVBPX1VSTCINCmZpDQoNCiMgQ2xvbmUgQmFja3N0YWdlIGlmIG5vdCBhbHJlYWR5IGNsb25lZA0KI2lmIFsgISAtZCAiJEJBQ0tTVEFHRV9ESVIiIF07IHRoZW4NCiAjIGlmIFsgLXogIiRCQUNLU1RBR0VfUkVQT19VUkwiIF07IHRoZW4NCiAgIyAgZWNobyAiQkFDS1NUQUdFX1JFUE9fVVJMIGlzIG5vdCBzZXQuIg0KICAjICBlY2hvICJTZXQgaXQgdG8geW91ciBCYWNrc3RhZ2UgcmVwbyBVUkwsIGUuZy46Ig0KICAjICBlY2hvICIgIGV4cG9ydCBCQUNLU1RBR0VfUkVQT19VUkw9aHR0cHM6Ly9naXRodWIuY29tLzxvcmc+LzxyZXBvPi5naXQiDQogICMgIGVjaG8gIk9yIGNyZWF0ZSBhIEJhY2tzdGFnZSBhcHAgbWFudWFsbHkgKG5weCBAYmFja3N0YWdlL2NyZWF0ZS1hcHApIGFuZCBjb3B5IGl0IGludG8gL2hvbWUvYXp1cmV1c2VyLyRCQUNLU1RBR0VfRElSLiINCiAgIyAgZXhpdCAxDQojICBmaQ0KIyAgZ2l0IGNsb25lICIkQkFDS1NUQUdFX1JFUE9fVVJMIiAiJEJBQ0tTVEFHRV9ESVIiDQojZmkNCg0KIyBDcmVhdGUgZG9ja2VyLWNvbXBvc2UueW1sDQpjYXQgPDxFT0YgPiBkb2NrZXItY29tcG9zZS55bWwNCnZlcnNpb246ICczLjgnDQoNCnNlcnZpY2VzOg0KICBwb3N0Z3JlczoNCiAgICBpbWFnZTogcG9zdGdyZXM6MTUNCiAgICBjb250YWluZXJfbmFtZTogcG9zdGdyZXMNCiAgICBlbnZpcm9ubWVudDoNCiAgICAgIFBPU1RHUkVTX1VTRVI6IGxpZ2h0aG91c2UNCiAgICAgIFBPU1RHUkVTX1BBU1NXT1JEOiBsaWdodGhvdXNlDQogICAgICBQT1NUR1JFU19EQjogbGlnaHRob3VzZQ0KICAgIHZvbHVtZXM6DQogICAgICAtIHBnZGF0YTovdmFyL2xpYi9wb3N0Z3Jlc3FsL2RhdGENCiAgICByZXN0YXJ0OiB1bmxlc3Mtc3RvcHBlZA0KDQogIGxpZ2h0aG91c2U6DQogICAgYnVpbGQ6IC4vbGlnaHRob3VzZS1hdWRpdC1zZXJ2aWNlDQogICAgY29udGFpbmVyX25hbWU6IGxpZ2h0aG91c2UNCiAgICBwb3J0czoNCiAgICAgIC0gIjQwMDg6MzAwMyINCiAgICBlbnZpcm9ubWVudDoNCiAgICAgIFBHSE9TVDogcG9zdGdyZXMNCiAgICAgIFBHVVNFUjogbGlnaHRob3VzZQ0KICAgICAgUEdQQVNTV09SRDogbGlnaHRob3VzZQ0KICAgICAgUEdEQVRBQkFTRTogbGlnaHRob3VzZQ0KICAgICAgUE9SVDogMzAwMw0KICAgIGRlcGVuZHNfb246DQogICAgICAtIHBvc3RncmVzDQogICAgcmVzdGFydDogdW5sZXNzLXN0b3BwZWQNCg0KICBiYWNrc3RhZ2U6DQogICAgYnVpbGQ6IC4vJHtCQUNLU1RBR0VfRElSfQ0KICAgIGNvbnRhaW5lcl9uYW1lOiBiYWNrc3RhZ2UNCiAgICBwb3J0czoNCiAgICAgIC0gIjMwMDA6MzAwMCINCiAgICBkZXBlbmRzX29uOg0KICAgICAgLSBsaWdodGhvdXNlDQogICAgcmVzdGFydDogdW5sZXNzLXN0b3BwZWQNCg0Kdm9sdW1lczoNCiAgcGdkYXRhOg0KRU9GDQoNCiMgQnVpbGQgYW5kIHN0YXJ0IGNvbnRhaW5lcnMNCmRvY2tlci1jb21wb3NlIHVwIC1kIC0tYnVpbGQNCg0KZWNobyAiSW5zdGFsbGF0aW9uIGNvbXBsZXRlLiIg",
            "dedicated_host_group_id": "",
            "dedicated_host_id": "",
            "disable_password_authentication": false,
            "disk_controller_type": "SCSI",
            "edge_zone": "",
            "encryption_at_host_enabled": false,
            "eviction_policy": "",
            "extensions_time_budget": "PT1H30M",
            "gallery_application": [],
            "id": "/subscriptions/be1eddca-7ed7-43c0-bc4a-692e60be17bf/resourceGroups/lighthouse/providers/Microsoft.Compute/virtualMachines/lighthouse-vm",
            "identity": [],
            "license_type": "",
            "location": "eastus",
            "max_bid_price": -1,
            "name": "lighthouse-vm",
            "network_interface_ids": [
              "/subscriptions/be1eddca-7ed7-43c0-bc4a-692e60be17bf/resourceGroups/lighthouse/providers/Microsoft.Network/networkInterfaces/lighthouse-nic"
            ],
            "os_disk": [
              {
                "caching": "ReadWrite",
                "diff_disk_settings": [],
                "disk_encryption_set_id": "",
                "disk_size_gb": 30,
                "id": "/subscriptions/be1eddca-7ed7-43c0-bc4a-692e60be17bf/resourceGroups/lighthouse/providers/Microsoft.Compute/disks/lighthouse-vm_OsDisk_1_fb4230c97ca54d58bbc38fe83b1a3050",
                "name": "lighthouse-vm_OsDisk_1_fb4230c97ca54d58bbc38fe83b1a3050",
                "secure_vm_disk_encryption_set_id": "",
                "security_encryption_type": "",
                "storage_account_type": "Premium_LRS",
                "write_accelerator_enabled": false
              }
            ],
            "os_image_notification": [],
            "os_managed_disk_id": "/subscriptions/be1eddca-7ed7-43c0-bc4a-692e60be17bf/resourceGroups/lighthouse/providers/Microsoft.Compute/disks/lighthouse-vm_OsDisk_1_fb4230c97ca54d58bbc38fe83b1a3050",
            "patch_assessment_mode": "ImageDefault",
            "patch_mode": "ImageDefault",
            "plan": [],
            "platform_fault_domain": -1,
            "priority": "Regular",
            "private_ip_address": "10.39.1.4",
            "private_ip_addresses": [
              "10.39.1.4"
            ],
            "provision_vm_agent": true,
            "proximity_placement_group_id": "",
            "public_ip_address": "20.119.46.229",
            "public_ip_addresses": [
              "20.119.46.229"
            ],
            "reboot_setting": "",
            "resource_group_name": "lighthouse",
            "secret": [],
            "secure_boot_enabled": false,
            "size": "Standard_B2s",
            "source_image_id": "",
            "source_image_reference": [
              {
                "offer": "0001-com-ubuntu-server-jammy",
                "publisher": "Canonical",
                "sku": "22_04-lts-gen2",
                "version": "latest"
              }
            ],
            "tags": {
              "ContactEmailAddress": "moiz.mohammed@zeiss.com",
              "CostUser": "ZO0000868281",
              "lz_workloadowner": "moiz.mohammed@zeiss.com"
            },
            "termination_notification": null,
            "timeouts": null,
            "user_data": "",
            "virtual_machine_id": "6b51edba-3bbb-4486-bf58-7a6687d55d6c",
            "virtual_machine_scale_set_id": "",
            "vm_agent_platform_updates_enabled": false,
            "vtpm_enabled": false,
            "zone": ""
          },
          "sensitive_attributes": [
            [
              {
                "type": "get_attr",
                "value": "admin_password"
              }
            ],
            [
              {
                "type": "get_attr",
                "value": "custom_data"
              }
            ]
          ],
          "identity_schema_version": 0,
          "private": "eyJlMmJmYjczMC1lY2FhLTExZTYtOGY4OC0zNDM2M2JjN2M0YzAiOnsiY3JlYXRlIjoyNzAwMDAwMDAwMDAwLCJkZWxldGUiOjI3MDAwMDAwMDAwMDAsInJlYWQiOjMwMDAwMDAwMDAwMCwidXBkYXRlIjoyNzAwMDAwMDAwMDAwfX0=",
          "dependencies": [
            "azurerm_network_interface.nic",
            "azurerm_network_interface_security_group_association.nic_nsg",
            "azurerm_network_security_group.nsg",
            "azurerm_public_ip.public_ip",
            "azurerm_resource_group.rg",
            "azurerm_subnet.subnet",
            "azurerm_virtual_network.vnet"
          ]
        }
      ]
    },
    {
      "mode": "managed",
      "type": "azurerm_network_interface",
      "name": "nic",
      "provider": "provider[\"registry.terraform.io/hashicorp/azurerm\"]",
      "instances": [
        {
          "schema_version": 0,
          "attributes": {
            "accelerated_networking_enabled": false,
            "applied_dns_servers": [],
            "auxiliary_mode": "",
            "auxiliary_sku": "",
            "dns_servers": [],
            "edge_zone": "",
            "id": "/subscriptions/be1eddca-7ed7-43c0-bc4a-692e60be17bf/resourceGroups/lighthouse/providers/Microsoft.Network/networkInterfaces/lighthouse-nic",
            "internal_dns_name_label": "",
            "internal_domain_name_suffix": "",
            "ip_configuration": [
              {
                "gateway_load_balancer_frontend_ip_configuration_id": "",
                "name": "ipconfig1",
                "primary": true,
                "private_ip_address": "10.39.1.4",
                "private_ip_address_allocation": "Dynamic",
                "private_ip_address_version": "IPv4",
                "public_ip_address_id": "/subscriptions/be1eddca-7ed7-43c0-bc4a-692e60be17bf/resourceGroups/lighthouse/providers/Microsoft.Network/publicIPAddresses/lighthouse-ip",
                "subnet_id": "/subscriptions/be1eddca-7ed7-43c0-bc4a-692e60be17bf/resourceGroups/lighthouse/providers/Microsoft.Network/virtualNetworks/lighthouse-vnet/subnets/lighthouse-subnet"
              }
            ],
            "ip_forwarding_enabled": false,
            "location": "eastus",
            "mac_address": "00-0D-3A-8B-E7-B2",
            "name": "lighthouse-nic",
            "private_ip_address": "10.39.1.4",
            "private_ip_addresses": [
              "10.39.1.4"
            ],
            "resource_group_name": "lighthouse",
            "tags": {
              "ContactEmailAddress": "moiz.mohammed@zeiss.com",
              "CostUser": "ZO0000868281",
              "lz_workloadowner": "moiz.mohammed@zeiss.com"
            },
            "timeouts": null,
            "virtual_machine_id": ""
          },
          "sensitive_attributes": [],
          "identity_schema_version": 0,
          "identity": {
            "name": "lighthouse-nic",
            "resource_group_name": "lighthouse",
            "subscription_id": "be1eddca-7ed7-43c0-bc4a-692e60be17bf"
          },
          "private": "eyJlMmJmYjczMC1lY2FhLTExZTYtOGY4OC0zNDM2M2JjN2M0YzAiOnsiY3JlYXRlIjoxODAwMDAwMDAwMDAwLCJkZWxldGUiOjE4MDAwMDAwMDAwMDAsInJlYWQiOjMwMDAwMDAwMDAwMCwidXBkYXRlIjoxODAwMDAwMDAwMDAwfX0=",
          "dependencies": [
            "azurerm_public_ip.public_ip",
            "azurerm_resource_group.rg",
            "azurerm_subnet.subnet",
            "azurerm_virtual_network.vnet"
          ]
        }
      ]
    },
    {
      "mode": "managed",
      "type": "azurerm_network_interface_security_group_association",
      "name": "nic_nsg",
      "provider": "provider[\"registry.terraform.io/hashicorp/azurerm\"]",
      "instances": [
        {
          "schema_version": 0,
          "attributes": {
            "id": "/subscriptions/be1eddca-7ed7-43c0-bc4a-692e60be17bf/resourceGroups/lighthouse/providers/Microsoft.Network/networkInterfaces/lighthouse-nic|/subscriptions/be1eddca-7ed7-43c0-bc4a-692e60be17bf/resourceGroups/lighthouse/providers/Microsoft.Network/networkSecurityGroups/lighthouse-nsg",
            "network_interface_id": "/subscriptions/be1eddca-7ed7-43c0-bc4a-692e60be17bf/resourceGroups/lighthouse/providers/Microsoft.Network/networkInterfaces/lighthouse-nic",
            "network_security_group_id": "/subscriptions/be1eddca-7ed7-43c0-bc4a-692e60be17bf/resourceGroups/lighthouse/providers/Microsoft.Network/networkSecurityGroups/lighthouse-nsg",
            "timeouts": null
          },
          "sensitive_attributes": [],
          "identity_schema_version": 0,
          "private": "eyJlMmJmYjczMC1lY2FhLTExZTYtOGY4OC0zNDM2M2JjN2M0YzAiOnsiY3JlYXRlIjoxODAwMDAwMDAwMDAwLCJkZWxldGUiOjE4MDAwMDAwMDAwMDAsInJlYWQiOjMwMDAwMDAwMDAwMH19",
          "dependencies": [
            "azurerm_network_interface.nic",
            "azurerm_network_security_group.nsg",
            "azurerm_public_ip.public_ip",
            "azurerm_resource_group.rg",
            "azurerm_subnet.subnet",
            "azurerm_virtual_network.vnet"
          ]
        }
      ]
    },
    {
      "mode": "managed",
      "type": "azurerm_network_security_group",
      "name": "nsg",
      "provider": "provider[\"registry.terraform.io/hashicorp/azurerm\"]",
      "instances": [
        {
          "schema_version": 0,
          "attributes": {
            "id": "/subscriptions/be1eddca-7ed7-43c0-bc4a-692e60be17bf/resourceGroups/lighthouse/providers/Microsoft.Network/networkSecurityGroups/lighthouse-nsg",
            "location": "eastus",
            "name": "lighthouse-nsg",
            "resource_group_name": "lighthouse",
            "security_rule": [
              {
                "access": "Allow",
                "description": "",
                "destination_address_prefix": "*",
                "destination_address_prefixes": [],
                "destination_application_security_group_ids": [],
                "destination_port_range": "22",
                "destination_port_ranges": [],
                "direction": "Inbound",
                "name": "Allow-SSH",
                "priority": 1002,
                "protocol": "Tcp",
                "source_address_prefix": "*",
                "source_address_prefixes": [],
                "source_application_security_group_ids": [],
                "source_port_range": "*",
                "source_port_ranges": []
              },
              {
                "access": "Allow",
                "description": "",
                "destination_address_prefix": "*",
                "destination_address_prefixes": [],
                "destination_application_security_group_ids": [],
                "destination_port_range": "4008",
                "destination_port_ranges": [],
                "direction": "Inbound",
                "name": "Allow-4008",
                "priority": 1001,
                "protocol": "Tcp",
                "source_address_prefix": "*",
                "source_address_prefixes": [],
                "source_application_security_group_ids": [],
                "source_port_range": "*",
                "source_port_ranges": []
              }
            ],
            "tags": {
              "ContactEmailAddress": "moiz.mohammed@zeiss.com",
              "CostUser": "ZO0000868281",
              "lz_workloadowner": "moiz.mohammed@zeiss.com"
            },
            "timeouts": null
          },
          "sensitive_attributes": [],
          "identity_schema_version": 0,
          "identity": {
            "name": "lighthouse-nsg",
            "resource_group_name": "lighthouse",
            "subscription_id": "be1eddca-7ed7-43c0-bc4a-692e60be17bf"
          },
          "private": "eyJlMmJmYjczMC1lY2FhLTExZTYtOGY4OC0zNDM2M2JjN2M0YzAiOnsiY3JlYXRlIjoxODAwMDAwMDAwMDAwLCJkZWxldGUiOjE4MDAwMDAwMDAwMDAsInJlYWQiOjMwMDAwMDAwMDAwMCwidXBkYXRlIjoxODAwMDAwMDAwMDAwfX0=",
          "dependencies": [
            "azurerm_resource_group.rg"
          ]
        }
      ]
    },
    {
      "mode": "managed",
      "type": "azurerm_network_security_rule",
      "name": "allow_4008",
      "provider": "provider[\"registry.terraform.io/hashicorp/azurerm\"]",
      "instances": [
        {
          "schema_version": 0,
          "attributes": {
            "access": "Allow",
            "description": "",
            "destination_address_prefix": "*",
            "destination_address_prefixes": [],
            "destination_application_security_group_ids": [],
            "destination_port_range": "4008",
            "destination_port_ranges": [],
            "direction": "Inbound",
            "id": "/subscriptions/be1eddca-7ed7-43c0-bc4a-692e60be17bf/resourceGroups/lighthouse/providers/Microsoft.Network/networkSecurityGroups/lighthouse-nsg/securityRules/Allow-4008",
            "name": "Allow-4008",
            "network_security_group_name": "lighthouse-nsg",
            "priority": 1001,
            "protocol": "Tcp",
            "resource_group_name": "lighthouse",
            "source_address_prefix": "*",
            "source_address_prefixes": [],
            "source_application_security_group_ids": [],
            "source_port_range": "*",
            "source_port_ranges": [],
            "timeouts": null
          },
          "sensitive_attributes": [],
          "identity_schema_version": 0,
          "identity": {
            "name": "Allow-4008",
            "network_security_group_name": "lighthouse-nsg",
            "resource_group_name": "lighthouse",
            "subscription_id": "be1eddca-7ed7-43c0-bc4a-692e60be17bf"
          },
          "private": "eyJlMmJmYjczMC1lY2FhLTExZTYtOGY4OC0zNDM2M2JjN2M0YzAiOnsiY3JlYXRlIjoxODAwMDAwMDAwMDAwLCJkZWxldGUiOjE4MDAwMDAwMDAwMDAsInJlYWQiOjMwMDAwMDAwMDAwMCwidXBkYXRlIjoxODAwMDAwMDAwMDAwfX0=",
          "dependencies": [
            "azurerm_network_security_group.nsg",
            "azurerm_resource_group.rg"
          ]
        }
      ]
    },
    {
      "mode": "managed",
      "type": "azurerm_network_security_rule",
      "name": "allow_ssh",
      "provider": "provider[\"registry.terraform.io/hashicorp/azurerm\"]",
      "instances": [
        {
          "schema_version": 0,
          "attributes": {
            "access": "Allow",
            "description": "",
            "destination_address_prefix": "*",
            "destination_address_prefixes": [],
            "destination_application_security_group_ids": [],
            "destination_port_range": "22",
            "destination_port_ranges": [],
            "direction": "Inbound",
            "id": "/subscriptions/be1eddca-7ed7-43c0-bc4a-692e60be17bf/resourceGroups/lighthouse/providers/Microsoft.Network/networkSecurityGroups/lighthouse-nsg/securityRules/Allow-SSH",
            "name": "Allow-SSH",
            "network_security_group_name": "lighthouse-nsg",
            "priority": 1002,
            "protocol": "Tcp",
            "resource_group_name": "lighthouse",
            "source_address_prefix": "*",
            "source_address_prefixes": [],
            "source_application_security_group_ids": [],
            "source_port_range": "*",
            "source_port_ranges": [],
            "timeouts": null
          },
          "sensitive_attributes": [],
          "identity_schema_version": 0,
          "identity": {
            "name": "Allow-SSH",
            "network_security_group_name": "lighthouse-nsg",
            "resource_group_name": "lighthouse",
            "subscription_id": "be1eddca-7ed7-43c0-bc4a-692e60be17bf"
          },
          "private": "eyJlMmJmYjczMC1lY2FhLTExZTYtOGY4OC0zNDM2M2JjN2M0YzAiOnsiY3JlYXRlIjoxODAwMDAwMDAwMDAwLCJkZWxldGUiOjE4MDAwMDAwMDAwMDAsInJlYWQiOjMwMDAwMDAwMDAwMCwidXBkYXRlIjoxODAwMDAwMDAwMDAwfX0=",
          "dependencies": [
            "azurerm_network_security_group.nsg",
            "azurerm_resource_group.rg"
          ]
        }
      ]
    },
    {
      "mode": "managed",
      "type": "azurerm_public_ip",
      "name": "public_ip",
      "provider": "provider[\"registry.terraform.io/hashicorp/azurerm\"]",
      "instances": [
        {
          "schema_version": 0,
          "attributes": {
            "allocation_method": "Static",
            "ddos_protection_mode": "VirtualNetworkInherited",
            "ddos_protection_plan_id": null,
            "domain_name_label": null,
            "domain_name_label_scope": null,
            "edge_zone": "",
            "fqdn": null,
            "id": "/subscriptions/be1eddca-7ed7-43c0-bc4a-692e60be17bf/resourceGroups/lighthouse/providers/Microsoft.Network/publicIPAddresses/lighthouse-ip",
            "idle_timeout_in_minutes": 4,
            "ip_address": "20.119.46.229",
            "ip_tags": {},
            "ip_version": "IPv4",
            "location": "eastus",
            "name": "lighthouse-ip",
            "public_ip_prefix_id": null,
            "resource_group_name": "lighthouse",
            "reverse_fqdn": null,
            "sku": "Standard",
            "sku_tier": "Regional",
            "tags": {
              "ContactEmailAddress": "moiz.mohammed@zeiss.com",
              "CostUser": "ZO0000868281",
              "lz_workloadowner": "moiz.mohammed@zeiss.com"
            },
            "timeouts": null,
            "zones": []
          },
          "sensitive_attributes": [],
          "identity_schema_version": 0,
          "identity": {
            "name": "lighthouse-ip",
            "resource_group_name": "lighthouse",
            "subscription_id": "be1eddca-7ed7-43c0-bc4a-692e60be17bf"
          },
          "private": "eyJlMmJmYjczMC1lY2FhLTExZTYtOGY4OC0zNDM2M2JjN2M0YzAiOnsiY3JlYXRlIjoxODAwMDAwMDAwMDAwLCJkZWxldGUiOjE4MDAwMDAwMDAwMDAsInJlYWQiOjMwMDAwMDAwMDAwMCwidXBkYXRlIjoxODAwMDAwMDAwMDAwfX0=",
          "dependencies": [
            "azurerm_resource_group.rg"
          ]
        }
      ]
    },
    {
      "mode": "managed",
      "type": "azurerm_resource_group",
      "name": "rg",
      "provider": "provider[\"registry.terraform.io/hashicorp/azurerm\"]",
      "instances": [
        {
          "schema_version": 0,
          "attributes": {
            "id": "/subscriptions/be1eddca-7ed7-43c0-bc4a-692e60be17bf/resourceGroups/lighthouse",
            "location": "eastus",
            "managed_by": "",
            "name": "lighthouse",
            "tags": {
              "ContactEmailAddress": "moiz.mohammed@zeiss.com",
              "SbxResourceGroupOwner": "govind-ram.mali@zeiss.com",
              "environment": "lighthouse",
              "owner": "Govind Ram Mali"
            },
            "timeouts": null
          },
          "sensitive_attributes": [],
          "identity_schema_version": 0,
          "identity": {
            "name": "lighthouse",
            "subscription_id": "be1eddca-7ed7-43c0-bc4a-692e60be17bf"
          },
          "private": "eyJlMmJmYjczMC1lY2FhLTExZTYtOGY4OC0zNDM2M2JjN2M0YzAiOnsiY3JlYXRlIjo1NDAwMDAwMDAwMDAwLCJkZWxldGUiOjU0MDAwMDAwMDAwMDAsInJlYWQiOjMwMDAwMDAwMDAwMCwidXBkYXRlIjo1NDAwMDAwMDAwMDAwfX0="
        }
      ]
    },
    {
      "mode": "managed",
      "type": "azurerm_subnet",
      "name": "subnet",
      "provider": "provider[\"registry.terraform.io/hashicorp/azurerm\"]",
      "instances": [
        {
          "schema_version": 0,
          "attributes": {
            "address_prefixes": [
              "10.39.1.0/24"
            ],
            "default_outbound_access_enabled": true,
            "delegation": [],
            "id": "/subscriptions/be1eddca-7ed7-43c0-bc4a-692e60be17bf/resourceGroups/lighthouse/providers/Microsoft.Network/virtualNetworks/lighthouse-vnet/subnets/lighthouse-subnet",
            "ip_address_pool": [],
            "name": "lighthouse-subnet",
            "private_endpoint_network_policies": "Disabled",
            "private_link_service_network_policies_enabled": true,
            "resource_group_name": "lighthouse",
            "service_endpoint_policy_ids": [],
            "service_endpoints": [],
            "sharing_scope": "",
            "timeouts": null,
            "virtual_network_name": "lighthouse-vnet"
          },
          "sensitive_attributes": [],
          "identity_schema_version": 0,
          "identity": {
            "name": "lighthouse-subnet",
            "resource_group_name": "lighthouse",
            "subscription_id": "be1eddca-7ed7-43c0-bc4a-692e60be17bf",
            "virtual_network_name": "lighthouse-vnet"
          },
          "private": "eyJlMmJmYjczMC1lY2FhLTExZTYtOGY4OC0zNDM2M2JjN2M0YzAiOnsiY3JlYXRlIjoxODAwMDAwMDAwMDAwLCJkZWxldGUiOjE4MDAwMDAwMDAwMDAsInJlYWQiOjMwMDAwMDAwMDAwMCwidXBkYXRlIjoxODAwMDAwMDAwMDAwfX0=",
          "dependencies": [
            "azurerm_resource_group.rg",
            "azurerm_virtual_network.vnet"
          ]
        }
      ]
    },
    {
      "mode": "managed",
      "type": "azurerm_virtual_network",
      "name": "vnet",
      "provider": "provider[\"registry.terraform.io/hashicorp/azurerm\"]",
      "instances": [
        {
          "schema_version": 0,
          "attributes": {
            "address_space": [
              "10.39.0.0/22"
            ],
            "bgp_community": "",
            "ddos_protection_plan": [],
            "dns_servers": [],
            "edge_zone": "",
            "encryption": [],
            "flow_timeout_in_minutes": 0,
            "guid": "2c5ec37b-eafc-460e-9135-de17a8434ed8",
            "id": "/subscriptions/be1eddca-7ed7-43c0-bc4a-692e60be17bf/resourceGroups/lighthouse/providers/Microsoft.Network/virtualNetworks/lighthouse-vnet",
            "ip_address_pool": [],
            "location": "eastus",
            "name": "lighthouse-vnet",
            "private_endpoint_vnet_policies": "Disabled",
            "resource_group_name": "lighthouse",
            "subnet": [
              {
                "address_prefixes": [
                  "10.39.1.0/24"
                ],
                "default_outbound_access_enabled": true,
                "delegation": [],
                "id": "/subscriptions/be1eddca-7ed7-43c0-bc4a-692e60be17bf/resourceGroups/lighthouse/providers/Microsoft.Network/virtualNetworks/lighthouse-vnet/subnets/lighthouse-subnet",
                "name": "lighthouse-subnet",
                "private_endpoint_network_policies": "Disabled",
                "private_link_service_network_policies_enabled": true,
                "route_table_id": "",
                "security_group": "",
                "service_endpoint_policy_ids": [],
                "service_endpoints": []
              }
            ],
            "tags": {
              "ContactEmailAddress": "moiz.mohammed@zeiss.com",
              "CostUser": "ZO0000868281",
              "lz_workloadowner": "moiz.mohammed@zeiss.com"
            },
            "timeouts": null
          },
          "sensitive_attributes": [],
          "identity_schema_version": 0,
          "identity": {
            "name": "lighthouse-vnet",
            "resource_group_name": "lighthouse",
            "subscription_id": "be1eddca-7ed7-43c0-bc4a-692e60be17bf"
          },
          "private": "eyJlMmJmYjczMC1lY2FhLTExZTYtOGY4OC0zNDM2M2JjN2M0YzAiOnsiY3JlYXRlIjoxODAwMDAwMDAwMDAwLCJkZWxldGUiOjE4MDAwMDAwMDAwMDAsInJlYWQiOjMwMDAwMDAwMDAwMCwidXBkYXRlIjoxODAwMDAwMDAwMDAwfX0=",
          "dependencies": [
            "azurerm_resource_group.rg"
          ]
        }
      ]
    }
  ],
  "check_results": [
    {
      "object_kind": "var",
      "config_addr": "var.tags",
      "status": "pass",
      "objects": [
        {
          "object_addr": "var.tags",
          "status": "pass"
        }
      ]
    }
  ]
}
