{
  "version": 4,
  "terraform_version": "1.14.4",
  "serial": 62,
  "lineage": "9cad8f15-0348-8a3e-c851-38542cb688b2",
  "outputs": {
    "resource_group_id": {
      "value": "/subscriptions/be1eddca-7ed7-43c0-bc4a-692e60be17bf/resourceGroups/lighthouse",
      "type": "string"
    },
    "resource_group_location": {
      "value": "eastus",
      "type": "string"
    },
    "resource_group_name": {
      "value": "lighthouse",
      "type": "string"
    }
  },
  "resources": [
    {
      "mode": "managed",
      "type": "azurerm_linux_virtual_machine",
      "name": "vm",
      "provider": "provider[\"registry.terraform.io/hashicorp/azurerm\"]",
      "instances": [
        {
          "schema_version": 0,
          "attributes": {
            "additional_capabilities": [],
            "admin_password": "YourPassword123!",
            "admin_ssh_key": [],
            "admin_username": "azureuser",
            "allow_extension_operations": true,
            "availability_set_id": "",
            "boot_diagnostics": [],
            "bypass_platform_safety_checks_on_user_schedule_enabled": false,
            "capacity_reservation_group_id": "",
            "computer_name": "lighthouse-vm",
            "custom_data": "IyEvYmluL2Jhc2gKc2V0IC1lCgplY2hvICJTdGFydGluZyBWTSBib290c3RyYXAuLi4iCgojIFVwZGF0ZSBzeXN0ZW0KYXB0LWdldCB1cGRhdGUgLXkKYXB0LWdldCB1cGdyYWRlIC15CgojIEluc3RhbGwgZGVwZW5kZW5jaWVzCmFwdC1nZXQgaW5zdGFsbCAteSBkb2NrZXIuaW8gZG9ja2VyLWNvbXBvc2UgZ2l0CgojIEVuYWJsZSBEb2NrZXIKc3lzdGVtY3RsIGVuYWJsZSBkb2NrZXIKc3lzdGVtY3RsIHN0YXJ0IGRvY2tlcgoKIyBBZGQgYXp1cmV1c2VyIHRvIGRvY2tlciBncm91cAp1c2VybW9kIC1hRyBkb2NrZXIgYXp1cmV1c2VyCgojIE1vdmUgdG8gaG9tZSBkaXJlY3RvcnkKY2QgL2hvbWUvYXp1cmV1c2VyCgojIENsb25lIExpZ2h0aG91c2UgQXVkaXQgU2VydmljZSBpZiBub3QgYWxyZWFkeSBjbG9uZWQKaWYgWyAhIC1kICJsaWdodGhvdXNlLWF1ZGl0LXNlcnZpY2UiIF07IHRoZW4KICBnaXQgY2xvbmUgaHR0cHM6Ly9naXRodWIuY29tL3Nwb3RpZnkvbGlnaHRob3VzZS1hdWRpdC1zZXJ2aWNlLmdpdApmaQoKIyBDbG9uZSBCYWNrc3RhZ2UgaWYgbm90IGFscmVhZHkgY2xvbmVkCmlmIFsgISAtZCAiYmFja3N0YWdlLWFwcCIgXTsgdGhlbgogIGdpdCBjbG9uZSBodHRwczovL2dpdGh1Yi5jb20vWU9VUl9VU0VSTkFNRS9iYWNrc3RhZ2UtYXBwLmdpdApmaQoKIyBDcmVhdGUgZG9ja2VyLWNvbXBvc2UueW1sCmNhdCA8PEVPRiA+IGRvY2tlci1jb21wb3NlLnltbAp2ZXJzaW9uOiAnMy44JwoKc2VydmljZXM6CiAgcG9zdGdyZXM6CiAgICBpbWFnZTogcG9zdGdyZXM6MTUKICAgIGNvbnRhaW5lcl9uYW1lOiBwb3N0Z3JlcwogICAgZW52aXJvbm1lbnQ6CiAgICAgIFBPU1RHUkVTX1VTRVI6IGxpZ2h0aG91c2UKICAgICAgUE9TVEdSRVNfUEFTU1dPUkQ6IGxpZ2h0aG91c2UKICAgICAgUE9TVEdSRVNfREI6IGxpZ2h0aG91c2UKICAgIHZvbHVtZXM6CiAgICAgIC0gcGdkYXRhOi92YXIvbGliL3Bvc3RncmVzcWwvZGF0YQogICAgcmVzdGFydDogdW5sZXNzLXN0b3BwZWQKCiAgbGlnaHRob3VzZToKICAgIGJ1aWxkOiAuL2xpZ2h0aG91c2UtYXVkaXQtc2VydmljZQogICAgY29udGFpbmVyX25hbWU6IGxpZ2h0aG91c2UKICAgIHBvcnRzOgogICAgICAtICI0MDA4OjMwMDMiCiAgICBlbnZpcm9ubWVudDoKICAgICAgUEdIT1NUOiBwb3N0Z3JlcwogICAgICBQR1VTRVI6IGxpZ2h0aG91c2UKICAgICAgUEdQQVNTV09SRDogbGlnaHRob3VzZQogICAgICBQR0RBVEFCQVNFOiBsaWdodGhvdXNlCiAgICAgIFBPUlQ6IDMwMDMKICAgIGRlcGVuZHNfb246CiAgICAgIC0gcG9zdGdyZXMKICAgIHJlc3RhcnQ6IHVubGVzcy1zdG9wcGVkCgogIGJhY2tzdGFnZToKICAgIGJ1aWxkOiAuL2JhY2tzdGFnZS1hcHAKICAgIGNvbnRhaW5lcl9uYW1lOiBiYWNrc3RhZ2UKICAgIHBvcnRzOgogICAgICAtICIzMDAwOjMwMDAiCiAgICBkZXBlbmRzX29uOgogICAgICAtIGxpZ2h0aG91c2UKICAgIHJlc3RhcnQ6IHVubGVzcy1zdG9wcGVkCgp2b2x1bWVzOgogIHBnZGF0YToKRU9GCgojIEJ1aWxkIGFuZCBzdGFydCBjb250YWluZXJzCmRvY2tlci1jb21wb3NlIHVwIC1kIC0tYnVpbGQKCmVjaG8gIkluc3RhbGxhdGlvbiBjb21wbGV0ZS4i",
            "dedicated_host_group_id": "",
            "dedicated_host_id": "",
            "disable_password_authentication": false,
            "disk_controller_type": "SCSI",
            "edge_zone": "",
            "encryption_at_host_enabled": false,
            "eviction_policy": "",
            "extensions_time_budget": "PT1H30M",
            "gallery_application": [],
            "id": "/subscriptions/be1eddca-7ed7-43c0-bc4a-692e60be17bf/resourceGroups/lighthouse/providers/Microsoft.Compute/virtualMachines/lighthouse-vm",
            "identity": [],
            "license_type": "",
            "location": "eastus",
            "max_bid_price": -1,
            "name": "lighthouse-vm",
            "network_interface_ids": [
              "/subscriptions/be1eddca-7ed7-43c0-bc4a-692e60be17bf/resourceGroups/lighthouse/providers/Microsoft.Network/networkInterfaces/lighthouse-nic"
            ],
            "os_disk": [
              {
                "caching": "ReadWrite",
                "diff_disk_settings": [],
                "disk_encryption_set_id": "",
                "disk_size_gb": 30,
                "id": "/subscriptions/be1eddca-7ed7-43c0-bc4a-692e60be17bf/resourceGroups/lighthouse/providers/Microsoft.Compute/disks/lighthouse-vm_OsDisk_1_d5b13d5eb5e4422abfa54070d93c60e1",
                "name": "lighthouse-vm_OsDisk_1_d5b13d5eb5e4422abfa54070d93c60e1",
                "secure_vm_disk_encryption_set_id": "",
                "security_encryption_type": "",
                "storage_account_type": "Premium_LRS",
                "write_accelerator_enabled": false
              }
            ],
            "os_image_notification": [],
            "os_managed_disk_id": "/subscriptions/be1eddca-7ed7-43c0-bc4a-692e60be17bf/resourceGroups/lighthouse/providers/Microsoft.Compute/disks/lighthouse-vm_OsDisk_1_d5b13d5eb5e4422abfa54070d93c60e1",
            "patch_assessment_mode": "ImageDefault",
            "patch_mode": "ImageDefault",
            "plan": [],
            "platform_fault_domain": -1,
            "priority": "Regular",
            "private_ip_address": "10.39.1.4",
            "private_ip_addresses": [
              "10.39.1.4"
            ],
            "provision_vm_agent": true,
            "proximity_placement_group_id": "",
            "public_ip_address": "20.119.46.229",
            "public_ip_addresses": [
              "20.119.46.229"
            ],
            "reboot_setting": "",
            "resource_group_name": "lighthouse",
            "secret": [],
            "secure_boot_enabled": false,
            "size": "Standard_B2s",
            "source_image_id": "",
            "source_image_reference": [
              {
                "offer": "0001-com-ubuntu-server-jammy",
                "publisher": "Canonical",
                "sku": "22_04-lts-gen2",
                "version": "latest"
              }
            ],
            "tags": {
              "ContactEmailAddress": "moiz.mohammed@zeiss.com",
              "CostUser": "ZO0000868281",
              "lz_workloadowner": "moiz.mohammed@zeiss.com"
            },
            "termination_notification": null,
            "timeouts": null,
            "user_data": "",
            "virtual_machine_id": "6bdfd820-5aca-46ee-9ed8-00454b3ae01a",
            "virtual_machine_scale_set_id": "",
            "vm_agent_platform_updates_enabled": false,
            "vtpm_enabled": false,
            "zone": ""
          },
          "sensitive_attributes": [
            [
              {
                "type": "get_attr",
                "value": "admin_password"
              }
            ],
            [
              {
                "type": "get_attr",
                "value": "custom_data"
              }
            ]
          ],
          "identity_schema_version": 0,
          "private": "eyJlMmJmYjczMC1lY2FhLTExZTYtOGY4OC0zNDM2M2JjN2M0YzAiOnsiY3JlYXRlIjoyNzAwMDAwMDAwMDAwLCJkZWxldGUiOjI3MDAwMDAwMDAwMDAsInJlYWQiOjMwMDAwMDAwMDAwMCwidXBkYXRlIjoyNzAwMDAwMDAwMDAwfX0=",
          "dependencies": [
            "azurerm_network_interface.nic",
            "azurerm_network_interface_security_group_association.nic_nsg",
            "azurerm_network_security_group.nsg",
            "azurerm_public_ip.public_ip",
            "azurerm_resource_group.rg",
            "azurerm_subnet.subnet",
            "azurerm_virtual_network.vnet"
          ]
        }
      ]
    },
    {
      "mode": "managed",
      "type": "azurerm_network_interface",
      "name": "nic",
      "provider": "provider[\"registry.terraform.io/hashicorp/azurerm\"]",
      "instances": [
        {
          "schema_version": 0,
          "attributes": {
            "accelerated_networking_enabled": false,
            "applied_dns_servers": [],
            "auxiliary_mode": "",
            "auxiliary_sku": "",
            "dns_servers": [],
            "edge_zone": "",
            "id": "/subscriptions/be1eddca-7ed7-43c0-bc4a-692e60be17bf/resourceGroups/lighthouse/providers/Microsoft.Network/networkInterfaces/lighthouse-nic",
            "internal_dns_name_label": "",
            "internal_domain_name_suffix": "",
            "ip_configuration": [
              {
                "gateway_load_balancer_frontend_ip_configuration_id": "",
                "name": "ipconfig1",
                "primary": true,
                "private_ip_address": "10.39.1.4",
                "private_ip_address_allocation": "Dynamic",
                "private_ip_address_version": "IPv4",
                "public_ip_address_id": "/subscriptions/be1eddca-7ed7-43c0-bc4a-692e60be17bf/resourceGroups/lighthouse/providers/Microsoft.Network/publicIPAddresses/lighthouse-ip",
                "subnet_id": "/subscriptions/be1eddca-7ed7-43c0-bc4a-692e60be17bf/resourceGroups/lighthouse/providers/Microsoft.Network/virtualNetworks/lighthouse-vnet/subnets/lighthouse-subnet"
              }
            ],
            "ip_forwarding_enabled": false,
            "location": "eastus",
            "mac_address": "00-0D-3A-8B-E7-B2",
            "name": "lighthouse-nic",
            "private_ip_address": "10.39.1.4",
            "private_ip_addresses": [
              "10.39.1.4"
            ],
            "resource_group_name": "lighthouse",
            "tags": {
              "ContactEmailAddress": "moiz.mohammed@zeiss.com",
              "CostUser": "ZO0000868281",
              "lz_workloadowner": "moiz.mohammed@zeiss.com"
            },
            "timeouts": null,
            "virtual_machine_id": ""
          },
          "sensitive_attributes": [],
          "identity_schema_version": 0,
          "identity": {
            "name": "lighthouse-nic",
            "resource_group_name": "lighthouse",
            "subscription_id": "be1eddca-7ed7-43c0-bc4a-692e60be17bf"
          },
          "private": "eyJlMmJmYjczMC1lY2FhLTExZTYtOGY4OC0zNDM2M2JjN2M0YzAiOnsiY3JlYXRlIjoxODAwMDAwMDAwMDAwLCJkZWxldGUiOjE4MDAwMDAwMDAwMDAsInJlYWQiOjMwMDAwMDAwMDAwMCwidXBkYXRlIjoxODAwMDAwMDAwMDAwfX0=",
          "dependencies": [
            "azurerm_public_ip.public_ip",
            "azurerm_resource_group.rg",
            "azurerm_subnet.subnet",
            "azurerm_virtual_network.vnet"
          ]
        }
      ]
    },
    {
      "mode": "managed",
      "type": "azurerm_network_interface_security_group_association",
      "name": "nic_nsg",
      "provider": "provider[\"registry.terraform.io/hashicorp/azurerm\"]",
      "instances": [
        {
          "schema_version": 0,
          "attributes": {
            "id": "/subscriptions/be1eddca-7ed7-43c0-bc4a-692e60be17bf/resourceGroups/lighthouse/providers/Microsoft.Network/networkInterfaces/lighthouse-nic|/subscriptions/be1eddca-7ed7-43c0-bc4a-692e60be17bf/resourceGroups/lighthouse/providers/Microsoft.Network/networkSecurityGroups/lighthouse-nsg",
            "network_interface_id": "/subscriptions/be1eddca-7ed7-43c0-bc4a-692e60be17bf/resourceGroups/lighthouse/providers/Microsoft.Network/networkInterfaces/lighthouse-nic",
            "network_security_group_id": "/subscriptions/be1eddca-7ed7-43c0-bc4a-692e60be17bf/resourceGroups/lighthouse/providers/Microsoft.Network/networkSecurityGroups/lighthouse-nsg",
            "timeouts": null
          },
          "sensitive_attributes": [],
          "identity_schema_version": 0,
          "private": "eyJlMmJmYjczMC1lY2FhLTExZTYtOGY4OC0zNDM2M2JjN2M0YzAiOnsiY3JlYXRlIjoxODAwMDAwMDAwMDAwLCJkZWxldGUiOjE4MDAwMDAwMDAwMDAsInJlYWQiOjMwMDAwMDAwMDAwMH19",
          "dependencies": [
            "azurerm_network_interface.nic",
            "azurerm_network_security_group.nsg",
            "azurerm_public_ip.public_ip",
            "azurerm_resource_group.rg",
            "azurerm_subnet.subnet",
            "azurerm_virtual_network.vnet"
          ]
        }
      ]
    },
    {
      "mode": "managed",
      "type": "azurerm_network_security_group",
      "name": "nsg",
      "provider": "provider[\"registry.terraform.io/hashicorp/azurerm\"]",
      "instances": [
        {
          "schema_version": 0,
          "attributes": {
            "id": "/subscriptions/be1eddca-7ed7-43c0-bc4a-692e60be17bf/resourceGroups/lighthouse/providers/Microsoft.Network/networkSecurityGroups/lighthouse-nsg",
            "location": "eastus",
            "name": "lighthouse-nsg",
            "resource_group_name": "lighthouse",
            "security_rule": [
              {
                "access": "Allow",
                "description": "",
                "destination_address_prefix": "*",
                "destination_address_prefixes": [],
                "destination_application_security_group_ids": [],
                "destination_port_range": "22",
                "destination_port_ranges": [],
                "direction": "Inbound",
                "name": "Allow-SSH",
                "priority": 1002,
                "protocol": "Tcp",
                "source_address_prefix": "*",
                "source_address_prefixes": [],
                "source_application_security_group_ids": [],
                "source_port_range": "*",
                "source_port_ranges": []
              },
              {
                "access": "Allow",
                "description": "",
                "destination_address_prefix": "*",
                "destination_address_prefixes": [],
                "destination_application_security_group_ids": [],
                "destination_port_range": "4008",
                "destination_port_ranges": [],
                "direction": "Inbound",
                "name": "Allow-4008",
                "priority": 1001,
                "protocol": "Tcp",
                "source_address_prefix": "*",
                "source_address_prefixes": [],
                "source_application_security_group_ids": [],
                "source_port_range": "*",
                "source_port_ranges": []
              }
            ],
            "tags": {
              "ContactEmailAddress": "moiz.mohammed@zeiss.com",
              "CostUser": "ZO0000868281",
              "lz_workloadowner": "moiz.mohammed@zeiss.com"
            },
            "timeouts": null
          },
          "sensitive_attributes": [],
          "identity_schema_version": 0,
          "identity": {
            "name": "lighthouse-nsg",
            "resource_group_name": "lighthouse",
            "subscription_id": "be1eddca-7ed7-43c0-bc4a-692e60be17bf"
          },
          "private": "eyJlMmJmYjczMC1lY2FhLTExZTYtOGY4OC0zNDM2M2JjN2M0YzAiOnsiY3JlYXRlIjoxODAwMDAwMDAwMDAwLCJkZWxldGUiOjE4MDAwMDAwMDAwMDAsInJlYWQiOjMwMDAwMDAwMDAwMCwidXBkYXRlIjoxODAwMDAwMDAwMDAwfX0=",
          "dependencies": [
            "azurerm_resource_group.rg"
          ]
        }
      ]
    },
    {
      "mode": "managed",
      "type": "azurerm_network_security_rule",
      "name": "allow_4008",
      "provider": "provider[\"registry.terraform.io/hashicorp/azurerm\"]",
      "instances": [
        {
          "schema_version": 0,
          "attributes": {
            "access": "Allow",
            "description": "",
            "destination_address_prefix": "*",
            "destination_address_prefixes": [],
            "destination_application_security_group_ids": [],
            "destination_port_range": "4008",
            "destination_port_ranges": [],
            "direction": "Inbound",
            "id": "/subscriptions/be1eddca-7ed7-43c0-bc4a-692e60be17bf/resourceGroups/lighthouse/providers/Microsoft.Network/networkSecurityGroups/lighthouse-nsg/securityRules/Allow-4008",
            "name": "Allow-4008",
            "network_security_group_name": "lighthouse-nsg",
            "priority": 1001,
            "protocol": "Tcp",
            "resource_group_name": "lighthouse",
            "source_address_prefix": "*",
            "source_address_prefixes": [],
            "source_application_security_group_ids": [],
            "source_port_range": "*",
            "source_port_ranges": [],
            "timeouts": null
          },
          "sensitive_attributes": [],
          "identity_schema_version": 0,
          "identity": {
            "name": "Allow-4008",
            "network_security_group_name": "lighthouse-nsg",
            "resource_group_name": "lighthouse",
            "subscription_id": "be1eddca-7ed7-43c0-bc4a-692e60be17bf"
          },
          "private": "eyJlMmJmYjczMC1lY2FhLTExZTYtOGY4OC0zNDM2M2JjN2M0YzAiOnsiY3JlYXRlIjoxODAwMDAwMDAwMDAwLCJkZWxldGUiOjE4MDAwMDAwMDAwMDAsInJlYWQiOjMwMDAwMDAwMDAwMCwidXBkYXRlIjoxODAwMDAwMDAwMDAwfX0=",
          "dependencies": [
            "azurerm_network_security_group.nsg",
            "azurerm_resource_group.rg"
          ]
        }
      ]
    },
    {
      "mode": "managed",
      "type": "azurerm_network_security_rule",
      "name": "allow_ssh",
      "provider": "provider[\"registry.terraform.io/hashicorp/azurerm\"]",
      "instances": [
        {
          "schema_version": 0,
          "attributes": {
            "access": "Allow",
            "description": "",
            "destination_address_prefix": "*",
            "destination_address_prefixes": [],
            "destination_application_security_group_ids": [],
            "destination_port_range": "22",
            "destination_port_ranges": [],
            "direction": "Inbound",
            "id": "/subscriptions/be1eddca-7ed7-43c0-bc4a-692e60be17bf/resourceGroups/lighthouse/providers/Microsoft.Network/networkSecurityGroups/lighthouse-nsg/securityRules/Allow-SSH",
            "name": "Allow-SSH",
            "network_security_group_name": "lighthouse-nsg",
            "priority": 1002,
            "protocol": "Tcp",
            "resource_group_name": "lighthouse",
            "source_address_prefix": "*",
            "source_address_prefixes": [],
            "source_application_security_group_ids": [],
            "source_port_range": "*",
            "source_port_ranges": [],
            "timeouts": null
          },
          "sensitive_attributes": [],
          "identity_schema_version": 0,
          "identity": {
            "name": "Allow-SSH",
            "network_security_group_name": "lighthouse-nsg",
            "resource_group_name": "lighthouse",
            "subscription_id": "be1eddca-7ed7-43c0-bc4a-692e60be17bf"
          },
          "private": "eyJlMmJmYjczMC1lY2FhLTExZTYtOGY4OC0zNDM2M2JjN2M0YzAiOnsiY3JlYXRlIjoxODAwMDAwMDAwMDAwLCJkZWxldGUiOjE4MDAwMDAwMDAwMDAsInJlYWQiOjMwMDAwMDAwMDAwMCwidXBkYXRlIjoxODAwMDAwMDAwMDAwfX0=",
          "dependencies": [
            "azurerm_network_security_group.nsg",
            "azurerm_resource_group.rg"
          ]
        }
      ]
    },
    {
      "mode": "managed",
      "type": "azurerm_public_ip",
      "name": "public_ip",
      "provider": "provider[\"registry.terraform.io/hashicorp/azurerm\"]",
      "instances": [
        {
          "schema_version": 0,
          "attributes": {
            "allocation_method": "Static",
            "ddos_protection_mode": "VirtualNetworkInherited",
            "ddos_protection_plan_id": null,
            "domain_name_label": null,
            "domain_name_label_scope": null,
            "edge_zone": "",
            "fqdn": null,
            "id": "/subscriptions/be1eddca-7ed7-43c0-bc4a-692e60be17bf/resourceGroups/lighthouse/providers/Microsoft.Network/publicIPAddresses/lighthouse-ip",
            "idle_timeout_in_minutes": 4,
            "ip_address": "20.119.46.229",
            "ip_tags": {},
            "ip_version": "IPv4",
            "location": "eastus",
            "name": "lighthouse-ip",
            "public_ip_prefix_id": null,
            "resource_group_name": "lighthouse",
            "reverse_fqdn": null,
            "sku": "Standard",
            "sku_tier": "Regional",
            "tags": {
              "ContactEmailAddress": "moiz.mohammed@zeiss.com",
              "CostUser": "ZO0000868281",
              "lz_workloadowner": "moiz.mohammed@zeiss.com"
            },
            "timeouts": null,
            "zones": []
          },
          "sensitive_attributes": [],
          "identity_schema_version": 0,
          "identity": {
            "name": "lighthouse-ip",
            "resource_group_name": "lighthouse",
            "subscription_id": "be1eddca-7ed7-43c0-bc4a-692e60be17bf"
          },
          "private": "eyJlMmJmYjczMC1lY2FhLTExZTYtOGY4OC0zNDM2M2JjN2M0YzAiOnsiY3JlYXRlIjoxODAwMDAwMDAwMDAwLCJkZWxldGUiOjE4MDAwMDAwMDAwMDAsInJlYWQiOjMwMDAwMDAwMDAwMCwidXBkYXRlIjoxODAwMDAwMDAwMDAwfX0=",
          "dependencies": [
            "azurerm_resource_group.rg"
          ]
        }
      ]
    },
    {
      "mode": "managed",
      "type": "azurerm_resource_group",
      "name": "rg",
      "provider": "provider[\"registry.terraform.io/hashicorp/azurerm\"]",
      "instances": [
        {
          "schema_version": 0,
          "attributes": {
            "id": "/subscriptions/be1eddca-7ed7-43c0-bc4a-692e60be17bf/resourceGroups/lighthouse",
            "location": "eastus",
            "managed_by": "",
            "name": "lighthouse",
            "tags": {
              "ContactEmailAddress": "moiz.mohammed@zeiss.com",
              "SbxResourceGroupOwner": "govind-ram.mali@zeiss.com",
              "environment": "lighthouse",
              "owner": "Govind Ram Mali"
            },
            "timeouts": null
          },
          "sensitive_attributes": [],
          "identity_schema_version": 0,
          "identity": {
            "name": "lighthouse",
            "subscription_id": "be1eddca-7ed7-43c0-bc4a-692e60be17bf"
          },
          "private": "eyJlMmJmYjczMC1lY2FhLTExZTYtOGY4OC0zNDM2M2JjN2M0YzAiOnsiY3JlYXRlIjo1NDAwMDAwMDAwMDAwLCJkZWxldGUiOjU0MDAwMDAwMDAwMDAsInJlYWQiOjMwMDAwMDAwMDAwMCwidXBkYXRlIjo1NDAwMDAwMDAwMDAwfX0="
        }
      ]
    },
    {
      "mode": "managed",
      "type": "azurerm_subnet",
      "name": "subnet",
      "provider": "provider[\"registry.terraform.io/hashicorp/azurerm\"]",
      "instances": [
        {
          "schema_version": 0,
          "attributes": {
            "address_prefixes": [
              "10.39.1.0/24"
            ],
            "default_outbound_access_enabled": true,
            "delegation": [],
            "id": "/subscriptions/be1eddca-7ed7-43c0-bc4a-692e60be17bf/resourceGroups/lighthouse/providers/Microsoft.Network/virtualNetworks/lighthouse-vnet/subnets/lighthouse-subnet",
            "ip_address_pool": [],
            "name": "lighthouse-subnet",
            "private_endpoint_network_policies": "Disabled",
            "private_link_service_network_policies_enabled": true,
            "resource_group_name": "lighthouse",
            "service_endpoint_policy_ids": [],
            "service_endpoints": [],
            "sharing_scope": "",
            "timeouts": null,
            "virtual_network_name": "lighthouse-vnet"
          },
          "sensitive_attributes": [],
          "identity_schema_version": 0,
          "identity": {
            "name": "lighthouse-subnet",
            "resource_group_name": "lighthouse",
            "subscription_id": "be1eddca-7ed7-43c0-bc4a-692e60be17bf",
            "virtual_network_name": "lighthouse-vnet"
          },
          "private": "eyJlMmJmYjczMC1lY2FhLTExZTYtOGY4OC0zNDM2M2JjN2M0YzAiOnsiY3JlYXRlIjoxODAwMDAwMDAwMDAwLCJkZWxldGUiOjE4MDAwMDAwMDAwMDAsInJlYWQiOjMwMDAwMDAwMDAwMCwidXBkYXRlIjoxODAwMDAwMDAwMDAwfX0=",
          "dependencies": [
            "azurerm_resource_group.rg",
            "azurerm_virtual_network.vnet"
          ]
        }
      ]
    },
    {
      "mode": "managed",
      "type": "azurerm_virtual_network",
      "name": "vnet",
      "provider": "provider[\"registry.terraform.io/hashicorp/azurerm\"]",
      "instances": [
        {
          "schema_version": 0,
          "attributes": {
            "address_space": [
              "10.39.0.0/22"
            ],
            "bgp_community": "",
            "ddos_protection_plan": [],
            "dns_servers": [],
            "edge_zone": "",
            "encryption": [],
            "flow_timeout_in_minutes": 0,
            "guid": "2c5ec37b-eafc-460e-9135-de17a8434ed8",
            "id": "/subscriptions/be1eddca-7ed7-43c0-bc4a-692e60be17bf/resourceGroups/lighthouse/providers/Microsoft.Network/virtualNetworks/lighthouse-vnet",
            "ip_address_pool": [],
            "location": "eastus",
            "name": "lighthouse-vnet",
            "private_endpoint_vnet_policies": "Disabled",
            "resource_group_name": "lighthouse",
            "subnet": [
              {
                "address_prefixes": [
                  "10.39.1.0/24"
                ],
                "default_outbound_access_enabled": true,
                "delegation": [],
                "id": "/subscriptions/be1eddca-7ed7-43c0-bc4a-692e60be17bf/resourceGroups/lighthouse/providers/Microsoft.Network/virtualNetworks/lighthouse-vnet/subnets/lighthouse-subnet",
                "name": "lighthouse-subnet",
                "private_endpoint_network_policies": "Disabled",
                "private_link_service_network_policies_enabled": true,
                "route_table_id": "",
                "security_group": "",
                "service_endpoint_policy_ids": [],
                "service_endpoints": []
              }
            ],
            "tags": {
              "ContactEmailAddress": "moiz.mohammed@zeiss.com",
              "CostUser": "ZO0000868281",
              "lz_workloadowner": "moiz.mohammed@zeiss.com"
            },
            "timeouts": null
          },
          "sensitive_attributes": [],
          "identity_schema_version": 0,
          "identity": {
            "name": "lighthouse-vnet",
            "resource_group_name": "lighthouse",
            "subscription_id": "be1eddca-7ed7-43c0-bc4a-692e60be17bf"
          },
          "private": "eyJlMmJmYjczMC1lY2FhLTExZTYtOGY4OC0zNDM2M2JjN2M0YzAiOnsiY3JlYXRlIjoxODAwMDAwMDAwMDAwLCJkZWxldGUiOjE4MDAwMDAwMDAwMDAsInJlYWQiOjMwMDAwMDAwMDAwMCwidXBkYXRlIjoxODAwMDAwMDAwMDAwfX0=",
          "dependencies": [
            "azurerm_resource_group.rg"
          ]
        }
      ]
    }
  ],
  "check_results": [
    {
      "object_kind": "var",
      "config_addr": "var.tags",
      "status": "pass",
      "objects": [
        {
          "object_addr": "var.tags",
          "status": "pass"
        }
      ]
    }
  ]
}
