{
  "version": 4,
  "terraform_version": "1.14.4",
  "serial": 158,
  "lineage": "9cad8f15-0348-8a3e-c851-38542cb688b2",
  "outputs": {
    "resource_group_id": {
      "value": "/subscriptions/be1eddca-7ed7-43c0-bc4a-692e60be17bf/resourceGroups/lighthouse",
      "type": "string"
    },
    "resource_group_location": {
      "value": "eastus",
      "type": "string"
    },
    "resource_group_name": {
      "value": "lighthouse",
      "type": "string"
    },
    "vm_private_ip": {
      "value": "10.39.1.4",
      "type": "string"
    },
    "vm_public_ip": {
      "value": "104.211.61.92",
      "type": "string"
    }
  },
  "resources": [
    {
      "mode": "managed",
      "type": "azurerm_linux_virtual_machine",
      "name": "vm",
      "provider": "provider[\"registry.terraform.io/hashicorp/azurerm\"]",
      "instances": [
        {
          "schema_version": 0,
          "attributes": {
            "additional_capabilities": [],
            "admin_password": "YourPassword123!",
            "admin_ssh_key": [],
            "admin_username": "azureuser",
            "allow_extension_operations": true,
            "availability_set_id": "",
            "boot_diagnostics": [],
            "bypass_platform_safety_checks_on_user_schedule_enabled": false,
            "capacity_reservation_group_id": "",
            "computer_name": "lighthouse-vm",
            "custom_data": "IyEvYmluL2Jhc2gKc2V0IC1lCgplY2hvICJTdGFydGluZyBWTSBib290c3RyYXAuLi4iCgpleHBvcnQgREVCSUFOX0ZST05URU5EPW5vbmludGVyYWN0aXZlCgpMSUdIVEhPVVNFX1JFUE9fVVJMPSJodHRwczovL2dpdGh1Yi5jb20vc3BvdGlmeS9saWdodGhvdXNlLWF1ZGl0LXNlcnZpY2UuZ2l0IgpMSUdIVEhPVVNFX1JFUE9fUkVGPSJtYXN0ZXIiCgojIC0tLS0tLS0tLS0tLS0tLS0tLS0tLS0tLS0tLS0tCiMgU3lzdGVtIFVwZGF0ZQojIC0tLS0tLS0tLS0tLS0tLS0tLS0tLS0tLS0tLS0tCmFwdC1nZXQgdXBkYXRlIC15CmFwdC1nZXQgdXBncmFkZSAteQoKI2luc3RhbGwgdXRpbGl0aWVzCmFwdC1nZXQgaW5zdGFsbCAteSBqcQoKIyAtLS0tLS0tLS0tLS0tLS0tLS0tLS0tLS0tLS0tLQojIEluc3RhbGwgRG9ja2VyICsgQ29tcG9zZQojIC0tLS0tLS0tLS0tLS0tLS0tLS0tLS0tLS0tLS0tCmFwdC1nZXQgaW5zdGFsbCAteSBkb2NrZXIuaW8gZ2l0CmFwdC1nZXQgaW5zdGFsbCAteSBkb2NrZXItY29tcG9zZS1wbHVnaW4gfHwgYXB0LWdldCBpbnN0YWxsIC15IGRvY2tlci1jb21wb3NlCgpzeXN0ZW1jdGwgZW5hYmxlIGRvY2tlcgpzeXN0ZW1jdGwgc3RhcnQgZG9ja2VyCgp1c2VybW9kIC1hRyBkb2NrZXIgYXp1cmV1c2VyCgojIC0tLS0tLS0tLS0tLS0tLS0tLS0tLS0tLS0tLS0tCiMgTW92ZSB0byBIb21lCiMgLS0tLS0tLS0tLS0tLS0tLS0tLS0tLS0tLS0tLS0KY2QgL2hvbWUvYXp1cmV1c2VyCgojIC0tLS0tLS0tLS0tLS0tLS0tLS0tLS0tLS0tLS0tCiMgQ2xvbmUgb3IgUmVmcmVzaCBSZXBvCiMgLS0tLS0tLS0tLS0tLS0tLS0tLS0tLS0tLS0tLS0KaWYgWyAhIC1kICJsaWdodGhvdXNlLWF1ZGl0LXNlcnZpY2UvLmdpdCIgXTsgdGhlbgogIHJtIC1yZiBsaWdodGhvdXNlLWF1ZGl0LXNlcnZpY2UKICBnaXQgY2xvbmUgLS1icmFuY2ggIiRMSUdIVEhPVVNFX1JFUE9fUkVGIiAtLXNpbmdsZS1icmFuY2ggIiRMSUdIVEhPVVNFX1JFUE9fVVJMIiBsaWdodGhvdXNlLWF1ZGl0LXNlcnZpY2UKZWxzZQogIGdpdCAtQyBsaWdodGhvdXNlLWF1ZGl0LXNlcnZpY2UgZmV0Y2ggLS1hbGwgLS1wcnVuZQogIGdpdCAtQyBsaWdodGhvdXNlLWF1ZGl0LXNlcnZpY2UgY2hlY2tvdXQgIiRMSUdIVEhPVVNFX1JFUE9fUkVGIgogIGdpdCAtQyBsaWdodGhvdXNlLWF1ZGl0LXNlcnZpY2UgcmVzZXQgLS1oYXJkICJvcmlnaW4vJExJR0hUSE9VU0VfUkVQT19SRUYiCiAgZ2l0IC1DIGxpZ2h0aG91c2UtYXVkaXQtc2VydmljZSBjbGVhbiAtZmR4CmZpCgplY2hvICJVc2luZyBjb21taXQ6ICQoZ2l0IC1DIGxpZ2h0aG91c2UtYXVkaXQtc2VydmljZSByZXYtcGFyc2UgLS1zaG9ydCBIRUFEKSIKCiMgLS0tLS0tLS0tLS0tLS0tLS0tLS0tLS0tLS0tLS0KIyBPdmVyd3JpdGUgRG9ja2VyZmlsZSAoU3RhYmxlIEJ1aWxkKQojIC0tLS0tLS0tLS0tLS0tLS0tLS0tLS0tLS0tLS0tCmNhdCA8PEVPRiA+IGxpZ2h0aG91c2UtYXVkaXQtc2VydmljZS9Eb2NrZXJmaWxlCkZST00gbm9kZToyMgoKV09SS0RJUiAvYXBwCgojIEluc3RhbGwgYnVpbGQgdG9vbHMgKyBDaHJvbWl1bSBkZXBlbmRlbmNpZXMKUlVOIGFwdC1nZXQgdXBkYXRlICYmIGFwdC1nZXQgaW5zdGFsbCAteSBcCiAgcHl0aG9uMyBcCiAgbWFrZSBcCiAgZysrIFwKICBidWlsZC1lc3NlbnRpYWwgXAogIHBrZy1jb25maWcgXAogIGxpYmF0b21pYzEgXAogIGNhLWNlcnRpZmljYXRlcyBcCiAgZm9udHMtbGliZXJhdGlvbiBcCiAgbGliYXNvdW5kMiBcCiAgbGliYXRrLWJyaWRnZTIuMC0wIFwKICBsaWJhdGsxLjAtMCBcCiAgbGliYzYgXAogIGxpYmNhaXJvMiBcCiAgbGliY3VwczIgXAogIGxpYmRidXMtMS0zIFwKICBsaWJleHBhdDEgXAogIGxpYmZvbnRjb25maWcxIFwKICBsaWJnYm0xIFwKICBsaWJnY2MxIFwKICBsaWJnbGliMi4wLTAgXAogIGxpYmd0ay0zLTAgXAogIGxpYm5zcHI0IFwKICBsaWJuc3MzIFwKICBsaWJwYW5nby0xLjAtMCBcCiAgbGlicGFuZ29jYWlyby0xLjAtMCBcCiAgbGlic3RkYysrNiBcCiAgbGlieDExLTYgXAogIGxpYngxMS14Y2IxIFwKICBsaWJ4Y2IxIFwKICBsaWJ4Y29tcG9zaXRlMSBcCiAgbGlieGN1cnNvcjEgXAogIGxpYnhkYW1hZ2UxIFwKICBsaWJ4ZXh0NiBcCiAgbGlieGZpeGVzMyBcCiAgbGlieGk2IFwKICBsaWJ4cmFuZHIyIFwKICBsaWJ4cmVuZGVyMSBcCiAgbGlieHNzMSBcCiAgbGlieHRzdDYgXAogIGxzYi1yZWxlYXNlIFwKICB3Z2V0IFwKICB4ZGctdXRpbHMKCkNPUFkgcGFja2FnZSouanNvbiAuLwoKUlVOIG5wbSBpbnN0YWxsCgpDT1BZIC4gLgoKUlVOIG5wbSBydW4gYnVpbGQKCkVYUE9TRSA0MDA4CgpDTUQgWyJub2RlIiwgImNqcy9ydW4uanMiXQpFT0YKCiMgLS0tLS0tLS0tLS0tLS0tLS0tLS0tLS0tLS0tLS0KIyBDcmVhdGUgZG9ja2VyLWNvbXBvc2UueW1sCiMgLS0tLS0tLS0tLS0tLS0tLS0tLS0tLS0tLS0tLS0KY2F0IDw8RU9GID4gZG9ja2VyLWNvbXBvc2UueW1sCgpzZXJ2aWNlczoKICBwb3N0Z3JlczoKICAgIGltYWdlOiBwb3N0Z3JlczoxNQogICAgY29udGFpbmVyX25hbWU6IHBvc3RncmVzCiAgICBlbnZpcm9ubWVudDoKICAgICAgUE9TVEdSRVNfVVNFUjogbGlnaHRob3VzZQogICAgICBQT1NUR1JFU19QQVNTV09SRDogbGlnaHRob3VzZQogICAgICBQT1NUR1JFU19EQjogbGlnaHRob3VzZQogICAgdm9sdW1lczoKICAgICAgLSBwZ2RhdGE6L3Zhci9saWIvcG9zdGdyZXNxbC9kYXRhCiAgICByZXN0YXJ0OiB1bmxlc3Mtc3RvcHBlZAogICAgaGVhbHRoY2hlY2s6CiAgICAgIHRlc3Q6IFsiQ01ELVNIRUxMIiwgInBnX2lzcmVhZHkgLVUgbGlnaHRob3VzZSJdCiAgICAgIGludGVydmFsOiA1cwogICAgICB0aW1lb3V0OiA1cwogICAgICByZXRyaWVzOiA1CgogIGxpZ2h0aG91c2U6CiAgICBidWlsZDogLi9saWdodGhvdXNlLWF1ZGl0LXNlcnZpY2UKICAgIGNvbnRhaW5lcl9uYW1lOiBsaWdodGhvdXNlCiAgICBwb3J0czoKICAgICAgLSAiNDAwODo0MDA4IgogICAgZW52aXJvbm1lbnQ6CiAgICAgIFBHSE9TVDogcG9zdGdyZXMKICAgICAgUEdVU0VSOiBsaWdodGhvdXNlCiAgICAgIFBHUEFTU1dPUkQ6IGxpZ2h0aG91c2UKICAgICAgUEdEQVRBQkFTRTogbGlnaHRob3VzZQogICAgICBMQVNfUE9SVDogNDAwOAogICAgICBMQVNfSE9TVDogMC4wLjAuMAogICAgZGVwZW5kc19vbjoKICAgICAgcG9zdGdyZXM6CiAgICAgICAgY29uZGl0aW9uOiBzZXJ2aWNlX2hlYWx0aHkKICAgIHJlc3RhcnQ6IHVubGVzcy1zdG9wcGVkCgp2b2x1bWVzOgogIHBnZGF0YToKRU9GCgojIC0tLS0tLS0tLS0tLS0tLS0tLS0tLS0tLS0tLS0tCiMgRGV0ZWN0IENvbXBvc2UgQ29tbWFuZAojIC0tLS0tLS0tLS0tLS0tLS0tLS0tLS0tLS0tLS0tCmlmIGRvY2tlciBjb21wb3NlIHZlcnNpb24gPi9kZXYvbnVsbCAyPiYxOyB0aGVuCiAgQ09NUE9TRV9DTUQ9ImRvY2tlciBjb21wb3NlIgplbGlmIGNvbW1hbmQgLXYgZG9ja2VyLWNvbXBvc2UgPi9kZXYvbnVsbCAyPiYxOyB0aGVuCiAgQ09NUE9TRV9DTUQ9ImRvY2tlci1jb21wb3NlIgplbHNlCiAgZWNobyAiRVJST1I6IERvY2tlciBDb21wb3NlIG5vdCBmb3VuZCIKICBleGl0IDEKZmkKCiMgLS0tLS0tLS0tLS0tLS0tLS0tLS0tLS0tLS0tLS0KIyBCdWlsZCBhbmQgU3RhcnQKIyAtLS0tLS0tLS0tLS0tLS0tLS0tLS0tLS0tLS0tLQokQ09NUE9TRV9DTUQgZG93biB8fCB0cnVlCiRDT01QT1NFX0NNRCB1cCAtZCAtLWJ1aWxkIC0tZm9yY2UtcmVjcmVhdGUKCmVjaG8gIkluc3RhbGxhdGlvbiBjb21wbGV0ZS4i",
            "dedicated_host_group_id": "",
            "dedicated_host_id": "",
            "disable_password_authentication": false,
            "disk_controller_type": "SCSI",
            "edge_zone": "",
            "encryption_at_host_enabled": false,
            "eviction_policy": "",
            "extensions_time_budget": "PT1H30M",
            "gallery_application": [],
            "id": "/subscriptions/be1eddca-7ed7-43c0-bc4a-692e60be17bf/resourceGroups/lighthouse/providers/Microsoft.Compute/virtualMachines/lighthouse-vm",
            "identity": [],
            "license_type": "",
            "location": "eastus",
            "max_bid_price": -1,
            "name": "lighthouse-vm",
            "network_interface_ids": [
              "/subscriptions/be1eddca-7ed7-43c0-bc4a-692e60be17bf/resourceGroups/lighthouse/providers/Microsoft.Network/networkInterfaces/lighthouse-nic"
            ],
            "os_disk": [
              {
                "caching": "ReadWrite",
                "diff_disk_settings": [],
                "disk_encryption_set_id": "",
                "disk_size_gb": 30,
                "id": "/subscriptions/be1eddca-7ed7-43c0-bc4a-692e60be17bf/resourceGroups/lighthouse/providers/Microsoft.Compute/disks/lighthouse-vm_OsDisk_1_cef62dad836f407583ec46c11abd92c3",
                "name": "lighthouse-vm_OsDisk_1_cef62dad836f407583ec46c11abd92c3",
                "secure_vm_disk_encryption_set_id": "",
                "security_encryption_type": "",
                "storage_account_type": "Premium_LRS",
                "write_accelerator_enabled": false
              }
            ],
            "os_image_notification": [],
            "os_managed_disk_id": "/subscriptions/be1eddca-7ed7-43c0-bc4a-692e60be17bf/resourceGroups/lighthouse/providers/Microsoft.Compute/disks/lighthouse-vm_OsDisk_1_cef62dad836f407583ec46c11abd92c3",
            "patch_assessment_mode": "ImageDefault",
            "patch_mode": "ImageDefault",
            "plan": [],
            "platform_fault_domain": -1,
            "priority": "Regular",
            "private_ip_address": "10.39.1.4",
            "private_ip_addresses": [
              "10.39.1.4"
            ],
            "provision_vm_agent": true,
            "proximity_placement_group_id": "",
            "public_ip_address": "104.211.61.92",
            "public_ip_addresses": [
              "104.211.61.92"
            ],
            "reboot_setting": "",
            "resource_group_name": "lighthouse",
            "secret": [],
            "secure_boot_enabled": false,
            "size": "Standard_B2s",
            "source_image_id": "",
            "source_image_reference": [
              {
                "offer": "0001-com-ubuntu-server-jammy",
                "publisher": "Canonical",
                "sku": "22_04-lts-gen2",
                "version": "latest"
              }
            ],
            "tags": {
              "ContactEmailAddress": "moiz.mohammed@zeiss.com",
              "CostUser": "ZO0000868281",
              "lz_workloadowner": "moiz.mohammed@zeiss.com"
            },
            "termination_notification": null,
            "timeouts": null,
            "user_data": "",
            "virtual_machine_id": "415d9a9e-d6ef-4276-8d34-ca1c4b03613d",
            "virtual_machine_scale_set_id": "",
            "vm_agent_platform_updates_enabled": false,
            "vtpm_enabled": false,
            "zone": ""
          },
          "sensitive_attributes": [
            [
              {
                "type": "get_attr",
                "value": "admin_password"
              }
            ],
            [
              {
                "type": "get_attr",
                "value": "custom_data"
              }
            ]
          ],
          "identity_schema_version": 0,
          "private": "eyJlMmJmYjczMC1lY2FhLTExZTYtOGY4OC0zNDM2M2JjN2M0YzAiOnsiY3JlYXRlIjoyNzAwMDAwMDAwMDAwLCJkZWxldGUiOjI3MDAwMDAwMDAwMDAsInJlYWQiOjMwMDAwMDAwMDAwMCwidXBkYXRlIjoyNzAwMDAwMDAwMDAwfX0=",
          "dependencies": [
            "azurerm_network_interface.nic",
            "azurerm_network_interface_security_group_association.nic_nsg",
            "azurerm_network_security_group.nsg",
            "azurerm_public_ip.public_ip",
            "azurerm_resource_group.rg",
            "azurerm_subnet.subnet",
            "azurerm_virtual_network.vnet"
          ]
        }
      ]
    },
    {
      "mode": "managed",
      "type": "azurerm_network_interface",
      "name": "nic",
      "provider": "provider[\"registry.terraform.io/hashicorp/azurerm\"]",
      "instances": [
        {
          "schema_version": 0,
          "attributes": {
            "accelerated_networking_enabled": false,
            "applied_dns_servers": [],
            "auxiliary_mode": "",
            "auxiliary_sku": "",
            "dns_servers": null,
            "edge_zone": "",
            "id": "/subscriptions/be1eddca-7ed7-43c0-bc4a-692e60be17bf/resourceGroups/lighthouse/providers/Microsoft.Network/networkInterfaces/lighthouse-nic",
            "internal_dns_name_label": "",
            "internal_domain_name_suffix": "s2z15gccswjufisrxigvldzish.bx.internal.cloudapp.net",
            "ip_configuration": [
              {
                "gateway_load_balancer_frontend_ip_configuration_id": "",
                "name": "ipconfig1",
                "primary": true,
                "private_ip_address": "10.39.1.4",
                "private_ip_address_allocation": "Dynamic",
                "private_ip_address_version": "IPv4",
                "public_ip_address_id": "/subscriptions/be1eddca-7ed7-43c0-bc4a-692e60be17bf/resourceGroups/lighthouse/providers/Microsoft.Network/publicIPAddresses/lighthouse-ip",
                "subnet_id": "/subscriptions/be1eddca-7ed7-43c0-bc4a-692e60be17bf/resourceGroups/lighthouse/providers/Microsoft.Network/virtualNetworks/lighthouse-vnet/subnets/lighthouse-subnet"
              }
            ],
            "ip_forwarding_enabled": false,
            "location": "eastus",
            "mac_address": "",
            "name": "lighthouse-nic",
            "private_ip_address": "10.39.1.4",
            "private_ip_addresses": [
              "10.39.1.4"
            ],
            "resource_group_name": "lighthouse",
            "tags": {
              "ContactEmailAddress": "moiz.mohammed@zeiss.com",
              "CostUser": "ZO0000868281",
              "lz_workloadowner": "moiz.mohammed@zeiss.com"
            },
            "timeouts": null,
            "virtual_machine_id": ""
          },
          "sensitive_attributes": [],
          "identity_schema_version": 0,
          "identity": {
            "name": "lighthouse-nic",
            "resource_group_name": "lighthouse",
            "subscription_id": "be1eddca-7ed7-43c0-bc4a-692e60be17bf"
          },
          "private": "eyJlMmJmYjczMC1lY2FhLTExZTYtOGY4OC0zNDM2M2JjN2M0YzAiOnsiY3JlYXRlIjoxODAwMDAwMDAwMDAwLCJkZWxldGUiOjE4MDAwMDAwMDAwMDAsInJlYWQiOjMwMDAwMDAwMDAwMCwidXBkYXRlIjoxODAwMDAwMDAwMDAwfX0=",
          "dependencies": [
            "azurerm_public_ip.public_ip",
            "azurerm_resource_group.rg",
            "azurerm_subnet.subnet",
            "azurerm_virtual_network.vnet"
          ]
        }
      ]
    },
    {
      "mode": "managed",
      "type": "azurerm_network_interface_security_group_association",
      "name": "nic_nsg",
      "provider": "provider[\"registry.terraform.io/hashicorp/azurerm\"]",
      "instances": [
        {
          "schema_version": 0,
          "attributes": {
            "id": "/subscriptions/be1eddca-7ed7-43c0-bc4a-692e60be17bf/resourceGroups/lighthouse/providers/Microsoft.Network/networkInterfaces/lighthouse-nic|/subscriptions/be1eddca-7ed7-43c0-bc4a-692e60be17bf/resourceGroups/lighthouse/providers/Microsoft.Network/networkSecurityGroups/lighthouse-nsg",
            "network_interface_id": "/subscriptions/be1eddca-7ed7-43c0-bc4a-692e60be17bf/resourceGroups/lighthouse/providers/Microsoft.Network/networkInterfaces/lighthouse-nic",
            "network_security_group_id": "/subscriptions/be1eddca-7ed7-43c0-bc4a-692e60be17bf/resourceGroups/lighthouse/providers/Microsoft.Network/networkSecurityGroups/lighthouse-nsg",
            "timeouts": null
          },
          "sensitive_attributes": [],
          "identity_schema_version": 0,
          "private": "eyJlMmJmYjczMC1lY2FhLTExZTYtOGY4OC0zNDM2M2JjN2M0YzAiOnsiY3JlYXRlIjoxODAwMDAwMDAwMDAwLCJkZWxldGUiOjE4MDAwMDAwMDAwMDAsInJlYWQiOjMwMDAwMDAwMDAwMH19",
          "dependencies": [
            "azurerm_network_interface.nic",
            "azurerm_network_security_group.nsg",
            "azurerm_public_ip.public_ip",
            "azurerm_resource_group.rg",
            "azurerm_subnet.subnet",
            "azurerm_virtual_network.vnet"
          ]
        }
      ]
    },
    {
      "mode": "managed",
      "type": "azurerm_network_security_group",
      "name": "nsg",
      "provider": "provider[\"registry.terraform.io/hashicorp/azurerm\"]",
      "instances": [
        {
          "schema_version": 0,
          "attributes": {
            "id": "/subscriptions/be1eddca-7ed7-43c0-bc4a-692e60be17bf/resourceGroups/lighthouse/providers/Microsoft.Network/networkSecurityGroups/lighthouse-nsg",
            "location": "eastus",
            "name": "lighthouse-nsg",
            "resource_group_name": "lighthouse",
            "security_rule": [],
            "tags": {
              "ContactEmailAddress": "moiz.mohammed@zeiss.com",
              "CostUser": "ZO0000868281",
              "lz_workloadowner": "moiz.mohammed@zeiss.com"
            },
            "timeouts": null
          },
          "sensitive_attributes": [],
          "identity_schema_version": 0,
          "identity": {
            "name": "lighthouse-nsg",
            "resource_group_name": "lighthouse",
            "subscription_id": "be1eddca-7ed7-43c0-bc4a-692e60be17bf"
          },
          "private": "eyJlMmJmYjczMC1lY2FhLTExZTYtOGY4OC0zNDM2M2JjN2M0YzAiOnsiY3JlYXRlIjoxODAwMDAwMDAwMDAwLCJkZWxldGUiOjE4MDAwMDAwMDAwMDAsInJlYWQiOjMwMDAwMDAwMDAwMCwidXBkYXRlIjoxODAwMDAwMDAwMDAwfX0=",
          "dependencies": [
            "azurerm_resource_group.rg"
          ]
        }
      ]
    },
    {
      "mode": "managed",
      "type": "azurerm_network_security_rule",
      "name": "allow_4008",
      "provider": "provider[\"registry.terraform.io/hashicorp/azurerm\"]",
      "instances": [
        {
          "schema_version": 0,
          "attributes": {
            "access": "Allow",
            "description": "",
            "destination_address_prefix": "*",
            "destination_address_prefixes": null,
            "destination_application_security_group_ids": null,
            "destination_port_range": "4008",
            "destination_port_ranges": null,
            "direction": "Inbound",
            "id": "/subscriptions/be1eddca-7ed7-43c0-bc4a-692e60be17bf/resourceGroups/lighthouse/providers/Microsoft.Network/networkSecurityGroups/lighthouse-nsg/securityRules/Allow-4008",
            "name": "Allow-4008",
            "network_security_group_name": "lighthouse-nsg",
            "priority": 1001,
            "protocol": "Tcp",
            "resource_group_name": "lighthouse",
            "source_address_prefix": "*",
            "source_address_prefixes": null,
            "source_application_security_group_ids": null,
            "source_port_range": "*",
            "source_port_ranges": null,
            "timeouts": null
          },
          "sensitive_attributes": [],
          "identity_schema_version": 0,
          "identity": {
            "name": "Allow-4008",
            "network_security_group_name": "lighthouse-nsg",
            "resource_group_name": "lighthouse",
            "subscription_id": "be1eddca-7ed7-43c0-bc4a-692e60be17bf"
          },
          "private": "eyJlMmJmYjczMC1lY2FhLTExZTYtOGY4OC0zNDM2M2JjN2M0YzAiOnsiY3JlYXRlIjoxODAwMDAwMDAwMDAwLCJkZWxldGUiOjE4MDAwMDAwMDAwMDAsInJlYWQiOjMwMDAwMDAwMDAwMCwidXBkYXRlIjoxODAwMDAwMDAwMDAwfX0=",
          "dependencies": [
            "azurerm_network_security_group.nsg",
            "azurerm_resource_group.rg"
          ]
        }
      ]
    },
    {
      "mode": "managed",
      "type": "azurerm_network_security_rule",
      "name": "allow_ssh",
      "provider": "provider[\"registry.terraform.io/hashicorp/azurerm\"]",
      "instances": [
        {
          "schema_version": 0,
          "attributes": {
            "access": "Allow",
            "description": "",
            "destination_address_prefix": "*",
            "destination_address_prefixes": null,
            "destination_application_security_group_ids": null,
            "destination_port_range": "22",
            "destination_port_ranges": null,
            "direction": "Inbound",
            "id": "/subscriptions/be1eddca-7ed7-43c0-bc4a-692e60be17bf/resourceGroups/lighthouse/providers/Microsoft.Network/networkSecurityGroups/lighthouse-nsg/securityRules/Allow-SSH",
            "name": "Allow-SSH",
            "network_security_group_name": "lighthouse-nsg",
            "priority": 1002,
            "protocol": "Tcp",
            "resource_group_name": "lighthouse",
            "source_address_prefix": "*",
            "source_address_prefixes": null,
            "source_application_security_group_ids": null,
            "source_port_range": "*",
            "source_port_ranges": null,
            "timeouts": null
          },
          "sensitive_attributes": [],
          "identity_schema_version": 0,
          "identity": {
            "name": "Allow-SSH",
            "network_security_group_name": "lighthouse-nsg",
            "resource_group_name": "lighthouse",
            "subscription_id": "be1eddca-7ed7-43c0-bc4a-692e60be17bf"
          },
          "private": "eyJlMmJmYjczMC1lY2FhLTExZTYtOGY4OC0zNDM2M2JjN2M0YzAiOnsiY3JlYXRlIjoxODAwMDAwMDAwMDAwLCJkZWxldGUiOjE4MDAwMDAwMDAwMDAsInJlYWQiOjMwMDAwMDAwMDAwMCwidXBkYXRlIjoxODAwMDAwMDAwMDAwfX0=",
          "dependencies": [
            "azurerm_network_security_group.nsg",
            "azurerm_resource_group.rg"
          ]
        }
      ]
    },
    {
      "mode": "managed",
      "type": "azurerm_public_ip",
      "name": "public_ip",
      "provider": "provider[\"registry.terraform.io/hashicorp/azurerm\"]",
      "instances": [
        {
          "schema_version": 0,
          "attributes": {
            "allocation_method": "Static",
            "ddos_protection_mode": "VirtualNetworkInherited",
            "ddos_protection_plan_id": null,
            "domain_name_label": null,
            "domain_name_label_scope": null,
            "edge_zone": "",
            "fqdn": null,
            "id": "/subscriptions/be1eddca-7ed7-43c0-bc4a-692e60be17bf/resourceGroups/lighthouse/providers/Microsoft.Network/publicIPAddresses/lighthouse-ip",
            "idle_timeout_in_minutes": 4,
            "ip_address": "104.211.61.92",
            "ip_tags": null,
            "ip_version": "IPv4",
            "location": "eastus",
            "name": "lighthouse-ip",
            "public_ip_prefix_id": null,
            "resource_group_name": "lighthouse",
            "reverse_fqdn": null,
            "sku": "Standard",
            "sku_tier": "Regional",
            "tags": {
              "ContactEmailAddress": "moiz.mohammed@zeiss.com",
              "CostUser": "ZO0000868281",
              "lz_workloadowner": "moiz.mohammed@zeiss.com"
            },
            "timeouts": null,
            "zones": null
          },
          "sensitive_attributes": [],
          "identity_schema_version": 0,
          "identity": {
            "name": "lighthouse-ip",
            "resource_group_name": "lighthouse",
            "subscription_id": "be1eddca-7ed7-43c0-bc4a-692e60be17bf"
          },
          "private": "eyJlMmJmYjczMC1lY2FhLTExZTYtOGY4OC0zNDM2M2JjN2M0YzAiOnsiY3JlYXRlIjoxODAwMDAwMDAwMDAwLCJkZWxldGUiOjE4MDAwMDAwMDAwMDAsInJlYWQiOjMwMDAwMDAwMDAwMCwidXBkYXRlIjoxODAwMDAwMDAwMDAwfX0=",
          "dependencies": [
            "azurerm_resource_group.rg"
          ]
        }
      ]
    },
    {
      "mode": "managed",
      "type": "azurerm_resource_group",
      "name": "rg",
      "provider": "provider[\"registry.terraform.io/hashicorp/azurerm\"]",
      "instances": [
        {
          "schema_version": 0,
          "attributes": {
            "id": "/subscriptions/be1eddca-7ed7-43c0-bc4a-692e60be17bf/resourceGroups/lighthouse",
            "location": "eastus",
            "managed_by": "",
            "name": "lighthouse",
            "tags": {
              "ContactEmailAddress": "moiz.mohammed@zeiss.com",
              "SbxResourceGroupOwner": "govind-ram.mali@zeiss.com",
              "environment": "lighthouse",
              "owner": "Govind Ram Mali"
            },
            "timeouts": null
          },
          "sensitive_attributes": [],
          "identity_schema_version": 0,
          "identity": {
            "name": "lighthouse",
            "subscription_id": "be1eddca-7ed7-43c0-bc4a-692e60be17bf"
          },
          "private": "eyJlMmJmYjczMC1lY2FhLTExZTYtOGY4OC0zNDM2M2JjN2M0YzAiOnsiY3JlYXRlIjo1NDAwMDAwMDAwMDAwLCJkZWxldGUiOjU0MDAwMDAwMDAwMDAsInJlYWQiOjMwMDAwMDAwMDAwMCwidXBkYXRlIjo1NDAwMDAwMDAwMDAwfX0="
        }
      ]
    },
    {
      "mode": "managed",
      "type": "azurerm_subnet",
      "name": "subnet",
      "provider": "provider[\"registry.terraform.io/hashicorp/azurerm\"]",
      "instances": [
        {
          "schema_version": 0,
          "attributes": {
            "address_prefixes": [
              "10.39.1.0/24"
            ],
            "default_outbound_access_enabled": true,
            "delegation": [],
            "id": "/subscriptions/be1eddca-7ed7-43c0-bc4a-692e60be17bf/resourceGroups/lighthouse/providers/Microsoft.Network/virtualNetworks/lighthouse-vnet/subnets/lighthouse-subnet",
            "ip_address_pool": [],
            "name": "lighthouse-subnet",
            "private_endpoint_network_policies": "Disabled",
            "private_link_service_network_policies_enabled": true,
            "resource_group_name": "lighthouse",
            "service_endpoint_policy_ids": null,
            "service_endpoints": null,
            "sharing_scope": "",
            "timeouts": null,
            "virtual_network_name": "lighthouse-vnet"
          },
          "sensitive_attributes": [],
          "identity_schema_version": 0,
          "identity": {
            "name": "lighthouse-subnet",
            "resource_group_name": "lighthouse",
            "subscription_id": "be1eddca-7ed7-43c0-bc4a-692e60be17bf",
            "virtual_network_name": "lighthouse-vnet"
          },
          "private": "eyJlMmJmYjczMC1lY2FhLTExZTYtOGY4OC0zNDM2M2JjN2M0YzAiOnsiY3JlYXRlIjoxODAwMDAwMDAwMDAwLCJkZWxldGUiOjE4MDAwMDAwMDAwMDAsInJlYWQiOjMwMDAwMDAwMDAwMCwidXBkYXRlIjoxODAwMDAwMDAwMDAwfX0=",
          "dependencies": [
            "azurerm_resource_group.rg",
            "azurerm_virtual_network.vnet"
          ]
        }
      ]
    },
    {
      "mode": "managed",
      "type": "azurerm_virtual_network",
      "name": "vnet",
      "provider": "provider[\"registry.terraform.io/hashicorp/azurerm\"]",
      "instances": [
        {
          "schema_version": 0,
          "attributes": {
            "address_space": [
              "10.39.0.0/22"
            ],
            "bgp_community": "",
            "ddos_protection_plan": [],
            "dns_servers": [],
            "edge_zone": "",
            "encryption": [],
            "flow_timeout_in_minutes": 0,
            "guid": "98bf3397-9542-4293-a251-ba0d558f2897",
            "id": "/subscriptions/be1eddca-7ed7-43c0-bc4a-692e60be17bf/resourceGroups/lighthouse/providers/Microsoft.Network/virtualNetworks/lighthouse-vnet",
            "ip_address_pool": [],
            "location": "eastus",
            "name": "lighthouse-vnet",
            "private_endpoint_vnet_policies": "Disabled",
            "resource_group_name": "lighthouse",
            "subnet": [],
            "tags": {
              "ContactEmailAddress": "moiz.mohammed@zeiss.com",
              "CostUser": "ZO0000868281",
              "lz_workloadowner": "moiz.mohammed@zeiss.com"
            },
            "timeouts": null
          },
          "sensitive_attributes": [],
          "identity_schema_version": 0,
          "identity": {
            "name": "lighthouse-vnet",
            "resource_group_name": "lighthouse",
            "subscription_id": "be1eddca-7ed7-43c0-bc4a-692e60be17bf"
          },
          "private": "eyJlMmJmYjczMC1lY2FhLTExZTYtOGY4OC0zNDM2M2JjN2M0YzAiOnsiY3JlYXRlIjoxODAwMDAwMDAwMDAwLCJkZWxldGUiOjE4MDAwMDAwMDAwMDAsInJlYWQiOjMwMDAwMDAwMDAwMCwidXBkYXRlIjoxODAwMDAwMDAwMDAwfX0=",
          "dependencies": [
            "azurerm_resource_group.rg"
          ]
        }
      ]
    }
  ],
  "check_results": [
    {
      "object_kind": "var",
      "config_addr": "var.tags",
      "status": "pass",
      "objects": [
        {
          "object_addr": "var.tags",
          "status": "pass"
        }
      ]
    }
  ]
}
