{
  "version": 4,
  "terraform_version": "1.14.4",
  "serial": 24,
  "lineage": "9cad8f15-0348-8a3e-c851-38542cb688b2",
  "outputs": {
    "resource_group_id": {
      "value": "/subscriptions/be1eddca-7ed7-43c0-bc4a-692e60be17bf/resourceGroups/lighthouse",
      "type": "string"
    },
    "resource_group_location": {
      "value": "eastus",
      "type": "string"
    },
    "resource_group_name": {
      "value": "lighthouse",
      "type": "string"
    }
  },
  "resources": [
    {
      "mode": "managed",
      "type": "azurerm_network_security_group",
      "name": "nsg",
      "provider": "provider[\"registry.terraform.io/hashicorp/azurerm\"]",
      "instances": [
        {
          "schema_version": 0,
          "attributes": {
            "id": "/subscriptions/be1eddca-7ed7-43c0-bc4a-692e60be17bf/resourceGroups/lighthouse/providers/Microsoft.Network/networkSecurityGroups/lighthouse-nsg",
            "location": "eastus",
            "name": "lighthouse-nsg",
            "resource_group_name": "lighthouse",
            "security_rule": [],
            "tags": {
              "ContactEmailAddress": "moiz.mohammed@zeiss.com",
              "CostUser": "",
              "lz_workloadowner": ""
            },
            "timeouts": null
          },
          "sensitive_attributes": [],
          "identity_schema_version": 0,
          "identity": {
            "name": "lighthouse-nsg",
            "resource_group_name": "lighthouse",
            "subscription_id": "be1eddca-7ed7-43c0-bc4a-692e60be17bf"
          },
          "private": "eyJlMmJmYjczMC1lY2FhLTExZTYtOGY4OC0zNDM2M2JjN2M0YzAiOnsiY3JlYXRlIjoxODAwMDAwMDAwMDAwLCJkZWxldGUiOjE4MDAwMDAwMDAwMDAsInJlYWQiOjMwMDAwMDAwMDAwMCwidXBkYXRlIjoxODAwMDAwMDAwMDAwfX0=",
          "dependencies": [
            "azurerm_resource_group.rg"
          ]
        }
      ]
    },
    {
      "mode": "managed",
      "type": "azurerm_network_security_rule",
      "name": "allow_4008",
      "provider": "provider[\"registry.terraform.io/hashicorp/azurerm\"]",
      "instances": [
        {
          "schema_version": 0,
          "attributes": {
            "access": "Allow",
            "description": "",
            "destination_address_prefix": "*",
            "destination_address_prefixes": null,
            "destination_application_security_group_ids": null,
            "destination_port_range": "4008",
            "destination_port_ranges": null,
            "direction": "Inbound",
            "id": "/subscriptions/be1eddca-7ed7-43c0-bc4a-692e60be17bf/resourceGroups/lighthouse/providers/Microsoft.Network/networkSecurityGroups/lighthouse-nsg/securityRules/Allow-4008",
            "name": "Allow-4008",
            "network_security_group_name": "lighthouse-nsg",
            "priority": 1001,
            "protocol": "Tcp",
            "resource_group_name": "lighthouse",
            "source_address_prefix": "*",
            "source_address_prefixes": null,
            "source_application_security_group_ids": null,
            "source_port_range": "*",
            "source_port_ranges": null,
            "timeouts": null
          },
          "sensitive_attributes": [],
          "identity_schema_version": 0,
          "identity": {
            "name": "Allow-4008",
            "network_security_group_name": "lighthouse-nsg",
            "resource_group_name": "lighthouse",
            "subscription_id": "be1eddca-7ed7-43c0-bc4a-692e60be17bf"
          },
          "private": "eyJlMmJmYjczMC1lY2FhLTExZTYtOGY4OC0zNDM2M2JjN2M0YzAiOnsiY3JlYXRlIjoxODAwMDAwMDAwMDAwLCJkZWxldGUiOjE4MDAwMDAwMDAwMDAsInJlYWQiOjMwMDAwMDAwMDAwMCwidXBkYXRlIjoxODAwMDAwMDAwMDAwfX0=",
          "dependencies": [
            "azurerm_network_security_group.nsg",
            "azurerm_resource_group.rg"
          ]
        }
      ]
    },
    {
      "mode": "managed",
      "type": "azurerm_public_ip",
      "name": "public_ip",
      "provider": "provider[\"registry.terraform.io/hashicorp/azurerm\"]",
      "instances": [
        {
          "schema_version": 0,
          "attributes": {
            "allocation_method": "Static",
            "ddos_protection_mode": "VirtualNetworkInherited",
            "ddos_protection_plan_id": null,
            "domain_name_label": null,
            "domain_name_label_scope": null,
            "edge_zone": "",
            "fqdn": null,
            "id": "/subscriptions/be1eddca-7ed7-43c0-bc4a-692e60be17bf/resourceGroups/lighthouse/providers/Microsoft.Network/publicIPAddresses/lighthouse-ip",
            "idle_timeout_in_minutes": 4,
            "ip_address": "20.119.46.229",
            "ip_tags": {},
            "ip_version": "IPv4",
            "location": "eastus",
            "name": "lighthouse-ip",
            "public_ip_prefix_id": null,
            "resource_group_name": "lighthouse",
            "reverse_fqdn": null,
            "sku": "Standard",
            "sku_tier": "Regional",
            "tags": {
              "ContactEmailAddress": "moiz.mohammed@zeiss.com",
              "CostUser": "",
              "lz_workloadowner": ""
            },
            "timeouts": null,
            "zones": []
          },
          "sensitive_attributes": [],
          "identity_schema_version": 0,
          "identity": {
            "name": "lighthouse-ip",
            "resource_group_name": "lighthouse",
            "subscription_id": "be1eddca-7ed7-43c0-bc4a-692e60be17bf"
          },
          "private": "eyJlMmJmYjczMC1lY2FhLTExZTYtOGY4OC0zNDM2M2JjN2M0YzAiOnsiY3JlYXRlIjoxODAwMDAwMDAwMDAwLCJkZWxldGUiOjE4MDAwMDAwMDAwMDAsInJlYWQiOjMwMDAwMDAwMDAwMCwidXBkYXRlIjoxODAwMDAwMDAwMDAwfX0=",
          "dependencies": [
            "azurerm_resource_group.rg"
          ]
        }
      ]
    },
    {
      "mode": "managed",
      "type": "azurerm_resource_group",
      "name": "rg",
      "provider": "provider[\"registry.terraform.io/hashicorp/azurerm\"]",
      "instances": [
        {
          "schema_version": 0,
          "attributes": {
            "id": "/subscriptions/be1eddca-7ed7-43c0-bc4a-692e60be17bf/resourceGroups/lighthouse",
            "location": "eastus",
            "managed_by": "",
            "name": "lighthouse",
            "tags": {
              "ContactEmailAddress": "moiz.mohammed@zeiss.com",
              "SbxResourceGroupOwner": "govind-ram.mali@zeiss.com",
              "environment": "lighthouse",
              "owner": "Govind Ram Mali"
            },
            "timeouts": null
          },
          "sensitive_attributes": [],
          "identity_schema_version": 0,
          "identity": {
            "name": "lighthouse",
            "subscription_id": "be1eddca-7ed7-43c0-bc4a-692e60be17bf"
          },
          "private": "eyJlMmJmYjczMC1lY2FhLTExZTYtOGY4OC0zNDM2M2JjN2M0YzAiOnsiY3JlYXRlIjo1NDAwMDAwMDAwMDAwLCJkZWxldGUiOjU0MDAwMDAwMDAwMDAsInJlYWQiOjMwMDAwMDAwMDAwMCwidXBkYXRlIjo1NDAwMDAwMDAwMDAwfX0="
        }
      ]
    },
    {
      "mode": "managed",
      "type": "azurerm_subnet",
      "name": "subnet",
      "provider": "provider[\"registry.terraform.io/hashicorp/azurerm\"]",
      "instances": [
        {
          "schema_version": 0,
          "attributes": {
            "address_prefixes": [
              "10.39.1.0/24"
            ],
            "default_outbound_access_enabled": true,
            "delegation": [],
            "id": "/subscriptions/be1eddca-7ed7-43c0-bc4a-692e60be17bf/resourceGroups/lighthouse/providers/Microsoft.Network/virtualNetworks/lighthouse-vnet/subnets/lighthouse-subnet",
            "ip_address_pool": [],
            "name": "lighthouse-subnet",
            "private_endpoint_network_policies": "Disabled",
            "private_link_service_network_policies_enabled": true,
            "resource_group_name": "lighthouse",
            "service_endpoint_policy_ids": [],
            "service_endpoints": [],
            "sharing_scope": "",
            "timeouts": null,
            "virtual_network_name": "lighthouse-vnet"
          },
          "sensitive_attributes": [],
          "identity_schema_version": 0,
          "identity": {
            "name": "lighthouse-subnet",
            "resource_group_name": "lighthouse",
            "subscription_id": "be1eddca-7ed7-43c0-bc4a-692e60be17bf",
            "virtual_network_name": "lighthouse-vnet"
          },
          "private": "eyJlMmJmYjczMC1lY2FhLTExZTYtOGY4OC0zNDM2M2JjN2M0YzAiOnsiY3JlYXRlIjoxODAwMDAwMDAwMDAwLCJkZWxldGUiOjE4MDAwMDAwMDAwMDAsInJlYWQiOjMwMDAwMDAwMDAwMCwidXBkYXRlIjoxODAwMDAwMDAwMDAwfX0=",
          "dependencies": [
            "azurerm_resource_group.rg",
            "azurerm_virtual_network.vnet"
          ]
        }
      ]
    },
    {
      "mode": "managed",
      "type": "azurerm_virtual_network",
      "name": "vnet",
      "provider": "provider[\"registry.terraform.io/hashicorp/azurerm\"]",
      "instances": [
        {
          "schema_version": 0,
          "attributes": {
            "address_space": [
              "10.39.0.0/22"
            ],
            "bgp_community": "",
            "ddos_protection_plan": [],
            "dns_servers": [],
            "edge_zone": "",
            "encryption": [],
            "flow_timeout_in_minutes": 0,
            "guid": "2c5ec37b-eafc-460e-9135-de17a8434ed8",
            "id": "/subscriptions/be1eddca-7ed7-43c0-bc4a-692e60be17bf/resourceGroups/lighthouse/providers/Microsoft.Network/virtualNetworks/lighthouse-vnet",
            "ip_address_pool": [],
            "location": "eastus",
            "name": "lighthouse-vnet",
            "private_endpoint_vnet_policies": "Disabled",
            "resource_group_name": "lighthouse",
            "subnet": [
              {
                "address_prefixes": [
                  "10.39.1.0/24"
                ],
                "default_outbound_access_enabled": true,
                "delegation": [],
                "id": "/subscriptions/be1eddca-7ed7-43c0-bc4a-692e60be17bf/resourceGroups/lighthouse/providers/Microsoft.Network/virtualNetworks/lighthouse-vnet/subnets/lighthouse-subnet",
                "name": "lighthouse-subnet",
                "private_endpoint_network_policies": "Disabled",
                "private_link_service_network_policies_enabled": true,
                "route_table_id": "",
                "security_group": "",
                "service_endpoint_policy_ids": [],
                "service_endpoints": []
              }
            ],
            "tags": {
              "ContactEmailAddress": "moiz.mohammed@zeiss.com",
              "CostUser": "",
              "lz_workloadowner": ""
            },
            "timeouts": null
          },
          "sensitive_attributes": [],
          "identity_schema_version": 0,
          "identity": {
            "name": "lighthouse-vnet",
            "resource_group_name": "lighthouse",
            "subscription_id": "be1eddca-7ed7-43c0-bc4a-692e60be17bf"
          },
          "private": "eyJlMmJmYjczMC1lY2FhLTExZTYtOGY4OC0zNDM2M2JjN2M0YzAiOnsiY3JlYXRlIjoxODAwMDAwMDAwMDAwLCJkZWxldGUiOjE4MDAwMDAwMDAwMDAsInJlYWQiOjMwMDAwMDAwMDAwMCwidXBkYXRlIjoxODAwMDAwMDAwMDAwfX0=",
          "dependencies": [
            "azurerm_resource_group.rg"
          ]
        }
      ]
    }
  ],
  "check_results": [
    {
      "object_kind": "var",
      "config_addr": "var.tags",
      "status": "pass",
      "objects": [
        {
          "object_addr": "var.tags",
          "status": "pass"
        }
      ]
    }
  ]
}
